// !$*UTF8*$!
{
	archiveVersion = 1;
	classes = {
	};
	objectVersion = 54;
	objects = {

/* Begin PBXBuildFile section */
		0546D1A38E13BD319CC9755B /* OscReceivedElements.cpp in Sources */ = {isa = PBXBuildFile; fileRef = 9BF3AA0D4FAA89D0F8A0E545 /* OscReceivedElements.cpp */; };
		083FB2094A4DE99F5A60397A /* maxiMFCC.cpp in Sources */ = {isa = PBXBuildFile; fileRef = 440B2B891BD019685EF360B8 /* maxiMFCC.cpp */; };
		0FCED26D40D46CF89A58E54C /* fft.cpp in Sources */ = {isa = PBXBuildFile; fileRef = F3C78E7AB53E01022E9374A3 /* fft.cpp */; };
		1CD33E884D9E3358252E82A1 /* ofxToggle.cpp in Sources */ = {isa = PBXBuildFile; fileRef = 907C5B5E104864A2D3A25745 /* ofxToggle.cpp */; };
		22F21CE3B902225374BA1CA2 /* maximilian.cpp in Sources */ = {isa = PBXBuildFile; fileRef = 87D3A0051CCB2C0F0ECA139E /* maximilian.cpp */; };
		483908258D00B98B4BE69F07 /* ofxLabel.cpp in Sources */ = {isa = PBXBuildFile; fileRef = 78D67A00EB899FAC09430597 /* ofxLabel.cpp */; };
		4ADB88E2FB52E76A471065DE /* ofxOscParameterSync.cpp in Sources */ = {isa = PBXBuildFile; fileRef = 0AED834CE4DEC5260AF302A2 /* ofxOscParameterSync.cpp */; };
		510CAFE035E576A4E1502D52 /* UdpSocket.cpp in Sources */ = {isa = PBXBuildFile; fileRef = E6DEF695B88BA5FAACEAA937 /* UdpSocket.cpp */; };
		5864AD82E20F15536D054EA3 /* ofxOscMessage.cpp in Sources */ = {isa = PBXBuildFile; fileRef = DF49D76C45D5DB505A234880 /* ofxOscMessage.cpp */; };
		5C4A4AA5D4784DF23EA43038 /* maxiAtoms.cpp in Sources */ = {isa = PBXBuildFile; fileRef = 1EFA3ACBB8D16CC0DA1E79C6 /* maxiAtoms.cpp */; };
		5CBB2AB3A60F65431D7B555D /* ofxButton.cpp in Sources */ = {isa = PBXBuildFile; fileRef = C88333E71C9457E441C33474 /* ofxButton.cpp */; };
		603044E656EA8D499FCF7DEA /* ofxVectorGraphics.cpp in Sources */ = {isa = PBXBuildFile; fileRef = 318ABED90EADFB757FFDCCAF /* ofxVectorGraphics.cpp */; };
		62545D179C94265CA1389D4A /* OscOutboundPacketStream.cpp in Sources */ = {isa = PBXBuildFile; fileRef = 63A47AC60FFAFC3BF093EC0F /* OscOutboundPacketStream.cpp */; };
		640279EE111671BD026CB013 /* ofxOscReceiver.cpp in Sources */ = {isa = PBXBuildFile; fileRef = C2FAC65C491D4231379F3298 /* ofxOscReceiver.cpp */; };
		67FE4C7B15C2F0478C8126C2 /* NetworkingUtils.cpp in Sources */ = {isa = PBXBuildFile; fileRef = 3B361208CD4107E479F04E7B /* NetworkingUtils.cpp */; };
		72A929D3561B8232A182ABFC /* ofxOscBundle.cpp in Sources */ = {isa = PBXBuildFile; fileRef = 65EEFA3DA3526E9CDD9C21F9 /* ofxOscBundle.cpp */; };
		837220E80EB56CD44AD27F2A /* ofxSlider.cpp in Sources */ = {isa = PBXBuildFile; fileRef = 15F2C6477A769C03A56D1401 /* ofxSlider.cpp */; };
		852E0891794923EE7583C621 /* ofxInputField.cpp in Sources */ = {isa = PBXBuildFile; fileRef = 44B351490B620D04E1E7C52D /* ofxInputField.cpp */; };
		853E0BA2F448076739446874 /* ofxColorPicker.cpp in Sources */ = {isa = PBXBuildFile; fileRef = 181D363B6DD54D1FA6309C43 /* ofxColorPicker.cpp */; };
		856AA354D08AB4B323081444 /* ofxBaseGui.cpp in Sources */ = {isa = PBXBuildFile; fileRef = 9604B925D32EE39065747725 /* ofxBaseGui.cpp */; };
		879A251454401BC0B6E4F238 /* OscTypes.cpp in Sources */ = {isa = PBXBuildFile; fileRef = D9BFFBBF4CC43DEE890B3C3E /* OscTypes.cpp */; };
		8F5205AEF8861EF234F0651A /* ofxOscSender.cpp in Sources */ = {isa = PBXBuildFile; fileRef = 81967292BFC87A0144BD32C6 /* ofxOscSender.cpp */; };
		9514C2D90467055B1447D074 /* stb_vorbis.c in Sources */ = {isa = PBXBuildFile; fileRef = 80CD68E0DDF2C60D2715CC78 /* stb_vorbis.c */; };
		96084990AF216648B8B98E00 /* maxiFFT.cpp in Sources */ = {isa = PBXBuildFile; fileRef = 6A4EE0E35ED739A31CD0153E /* maxiFFT.cpp */; };
		ABA8875AF0C06690CC0B92B1 /* maxiBark.cpp in Sources */ = {isa = PBXBuildFile; fileRef = 9B9936002B519C1290F25FEC /* maxiBark.cpp */; };
		ADE367465D2A8EBAD4C7A8D9 /* IpEndpointName.cpp in Sources */ = {isa = PBXBuildFile; fileRef = ADD194746185E2DA11468377 /* IpEndpointName.cpp */; };
		AF0580829426DC6BCA135A5C /* maxiGrains.cpp in Sources */ = {isa = PBXBuildFile; fileRef = 9D2FB19B70632A6F86622D94 /* maxiGrains.cpp */; };
		B266578FC55D23BFEBC042E7 /* ofxGuiGroup.cpp in Sources */ = {isa = PBXBuildFile; fileRef = ECF8674C7975F1063C5E30CA /* ofxGuiGroup.cpp */; };
		B56FE57CC35806596D38118C /* ofxSliderGroup.cpp in Sources */ = {isa = PBXBuildFile; fileRef = 802251BAF1B35B1D67B32FD0 /* ofxSliderGroup.cpp */; };
		C15FEEBE29BA61A900A4B6CA /* boids.cpp in Sources */ = {isa = PBXBuildFile; fileRef = C15FEEBB29BA61A900A4B6CA /* boids.cpp */; };
		C15FEEBF29BA61A900A4B6CA /* testApp.cpp in Sources */ = {isa = PBXBuildFile; fileRef = C15FEEBD29BA61A900A4B6CA /* testApp.cpp */; };
		C4782ECC372420ACE0615B74 /* OscPrintReceivedElements.cpp in Sources */ = {isa = PBXBuildFile; fileRef = BC8881B3C8C0A1C45F042E7A /* OscPrintReceivedElements.cpp */; };
		E4B69E200A3A1BDC003C02F2 /* main.cpp in Sources */ = {isa = PBXBuildFile; fileRef = E4B69E1D0A3A1BDC003C02F2 /* main.cpp */; };
		F01092BB147FA462845C38C7 /* CreEPS.cpp in Sources */ = {isa = PBXBuildFile; fileRef = 34BF591C646B5F6EF968D620 /* CreEPS.cpp */; };
		F285EB3169F1566CA3D93C20 /* ofxPanel.cpp in Sources */ = {isa = PBXBuildFile; fileRef = E112B3AEBEA2C091BF2B40AE /* ofxPanel.cpp */; };
/* End PBXBuildFile section */

/* Begin PBXCopyFilesBuildPhase section */
		E4C2427710CC5ABF004149E2 /* CopyFiles */ = {
			isa = PBXCopyFilesBuildPhase;
			buildActionMask = 2147483647;
			dstPath = "";
			dstSubfolderSpec = 10;
			files = (
			);
			runOnlyForDeploymentPostprocessing = 0;
		};
/* End PBXCopyFilesBuildPhase section */

/* Begin PBXFileReference section */
		00D6D32B84B099226431108C /* ofxOsc.h */ = {isa = PBXFileReference; explicitFileType = sourcecode.c.h; fileEncoding = 4; name = ofxOsc.h; path = ../../../addons/ofxOsc/src/ofxOsc.h; sourceTree = SOURCE_ROOT; };
		029684CF678F70F6D3537A29 /* OscOutboundPacketStream.h */ = {isa = PBXFileReference; explicitFileType = sourcecode.c.h; fileEncoding = 4; name = OscOutboundPacketStream.h; path = ../../../addons/ofxOsc/libs/oscpack/src/osc/OscOutboundPacketStream.h; sourceTree = SOURCE_ROOT; };
		0A1DAC09F322AE313A40706D /* ofxToggle.h */ = {isa = PBXFileReference; explicitFileType = sourcecode.c.h; fileEncoding = 4; name = ofxToggle.h; path = ../../../addons/ofxGui/src/ofxToggle.h; sourceTree = SOURCE_ROOT; };
		0AED834CE4DEC5260AF302A2 /* ofxOscParameterSync.cpp */ = {isa = PBXFileReference; explicitFileType = sourcecode.cpp.cpp; fileEncoding = 4; name = ofxOscParameterSync.cpp; path = ../../../addons/ofxOsc/src/ofxOscParameterSync.cpp; sourceTree = SOURCE_ROOT; };
		11D7A477920A2054FD49C2D2 /* CreEPS_Types.hpp */ = {isa = PBXFileReference; explicitFileType = sourcecode.c.h; fileEncoding = 4; name = CreEPS_Types.hpp; path = ../../../addons/ofxVectorGraphics/libs/CreEPS_Types.hpp; sourceTree = SOURCE_ROOT; };
		15F2C6477A769C03A56D1401 /* ofxSlider.cpp */ = {isa = PBXFileReference; explicitFileType = sourcecode.cpp.cpp; fileEncoding = 4; name = ofxSlider.cpp; path = ../../../addons/ofxGui/src/ofxSlider.cpp; sourceTree = SOURCE_ROOT; };
		17E65988300FBD9AAA2CD0CA /* ofxGui.h */ = {isa = PBXFileReference; explicitFileType = sourcecode.c.h; fileEncoding = 4; name = ofxGui.h; path = ../../../addons/ofxGui/src/ofxGui.h; sourceTree = SOURCE_ROOT; };
		181D363B6DD54D1FA6309C43 /* ofxColorPicker.cpp */ = {isa = PBXFileReference; explicitFileType = sourcecode.cpp.cpp; fileEncoding = 4; name = ofxColorPicker.cpp; path = ../../../addons/ofxGui/src/ofxColorPicker.cpp; sourceTree = SOURCE_ROOT; };
		191CD6FA2847E21E0085CBB6 /* of.entitlements */ = {isa = PBXFileReference; fileEncoding = 4; lastKnownFileType = text.plist.entitlements; path = of.entitlements; sourceTree = "<group>"; };
		192E680F28E4D63A006F5C79 /* ofGraphicsCairo.cpp */ = {isa = PBXFileReference; lastKnownFileType = sourcecode.cpp.cpp; path = ofGraphicsCairo.cpp; sourceTree = "<group>"; };
		19451A8D28FF1A91008227CC /* ofGraphicsCairo.h */ = {isa = PBXFileReference; lastKnownFileType = sourcecode.c.h; path = ofGraphicsCairo.h; sourceTree = "<group>"; };
		1C0DA2561397A7DE0246858B /* ofxGuiGroup.h */ = {isa = PBXFileReference; explicitFileType = sourcecode.c.h; fileEncoding = 4; name = ofxGuiGroup.h; path = ../../../addons/ofxGui/src/ofxGuiGroup.h; sourceTree = SOURCE_ROOT; };
		1EFA3ACBB8D16CC0DA1E79C6 /* maxiAtoms.cpp */ = {isa = PBXFileReference; explicitFileType = sourcecode.cpp.cpp; fileEncoding = 4; name = maxiAtoms.cpp; path = ../../../addons/ofxMaxim/libs/maxiAtoms.cpp; sourceTree = SOURCE_ROOT; };
		20F35AFADAF0068B067E713F /* OscReceivedElements.h */ = {isa = PBXFileReference; explicitFileType = sourcecode.c.h; fileEncoding = 4; name = OscReceivedElements.h; path = ../../../addons/ofxOsc/libs/oscpack/src/osc/OscReceivedElements.h; sourceTree = SOURCE_ROOT; };
		23640F57DF6C4BB6BFC5DA4C /* PacketListener.h */ = {isa = PBXFileReference; explicitFileType = sourcecode.c.h; fileEncoding = 4; name = PacketListener.h; path = ../../../addons/ofxOsc/libs/oscpack/src/ip/PacketListener.h; sourceTree = SOURCE_ROOT; };
		2834D88A62CD23F3DE2C47D1 /* ofxButton.h */ = {isa = PBXFileReference; explicitFileType = sourcecode.c.h; fileEncoding = 4; name = ofxButton.h; path = ../../../addons/ofxGui/src/ofxButton.h; sourceTree = SOURCE_ROOT; };
		2E49891D292C98D80096EC56 /* ofCubeMap.h */ = {isa = PBXFileReference; lastKnownFileType = sourcecode.c.h; path = ofCubeMap.h; sourceTree = "<group>"; };
		2E49891E292C98D80096EC56 /* ofCubeMap.cpp */ = {isa = PBXFileReference; lastKnownFileType = sourcecode.cpp.cpp; path = ofCubeMap.cpp; sourceTree = "<group>"; };
		2E49891F292C98D80096EC56 /* ofCubeMapShaders.h */ = {isa = PBXFileReference; lastKnownFileType = sourcecode.c.h; path = ofCubeMapShaders.h; sourceTree = "<group>"; };
		2E4D30BD28F5B7330074D450 /* ofShadow.h */ = {isa = PBXFileReference; lastKnownFileType = sourcecode.c.h; path = ofShadow.h; sourceTree = "<group>"; };
		2E4D30BE28F5B7330074D450 /* ofShadow.cpp */ = {isa = PBXFileReference; lastKnownFileType = sourcecode.cpp.cpp; path = ofShadow.cpp; sourceTree = "<group>"; };
		2FD4B0329909D3527F003494 /* UdpSocket.h */ = {isa = PBXFileReference; explicitFileType = sourcecode.c.h; fileEncoding = 4; name = UdpSocket.h; path = ../../../addons/ofxOsc/libs/oscpack/src/ip/UdpSocket.h; sourceTree = SOURCE_ROOT; };
		318ABED90EADFB757FFDCCAF /* ofxVectorGraphics.cpp */ = {isa = PBXFileReference; explicitFileType = sourcecode.cpp.cpp; fileEncoding = 4; name = ofxVectorGraphics.cpp; path = ../../../addons/ofxVectorGraphics/src/ofxVectorGraphics.cpp; sourceTree = SOURCE_ROOT; };
		34BF591C646B5F6EF968D620 /* CreEPS.cpp */ = {isa = PBXFileReference; explicitFileType = sourcecode.cpp.cpp; fileEncoding = 4; name = CreEPS.cpp; path = ../../../addons/ofxVectorGraphics/libs/CreEPS.cpp; sourceTree = SOURCE_ROOT; };
		3B361208CD4107E479F04E7B /* NetworkingUtils.cpp */ = {isa = PBXFileReference; explicitFileType = sourcecode.cpp.cpp; fileEncoding = 4; name = NetworkingUtils.cpp; path = ../../../addons/ofxOsc/libs/oscpack/src/ip/posix/NetworkingUtils.cpp; sourceTree = SOURCE_ROOT; };
		440B2B891BD019685EF360B8 /* maxiMFCC.cpp */ = {isa = PBXFileReference; explicitFileType = sourcecode.cpp.cpp; fileEncoding = 4; name = maxiMFCC.cpp; path = ../../../addons/ofxMaxim/libs/maxiMFCC.cpp; sourceTree = SOURCE_ROOT; };
		444657A12E59D0ED86981498 /* TimerListener.h */ = {isa = PBXFileReference; explicitFileType = sourcecode.c.h; fileEncoding = 4; name = TimerListener.h; path = ../../../addons/ofxOsc/libs/oscpack/src/ip/TimerListener.h; sourceTree = SOURCE_ROOT; };
		44B351490B620D04E1E7C52D /* ofxInputField.cpp */ = {isa = PBXFileReference; explicitFileType = sourcecode.cpp.cpp; fileEncoding = 4; name = ofxInputField.cpp; path = ../../../addons/ofxGui/src/ofxInputField.cpp; sourceTree = SOURCE_ROOT; };
		48974F980F51769171D0B2F5 /* IpEndpointName.h */ = {isa = PBXFileReference; explicitFileType = sourcecode.c.h; fileEncoding = 4; name = IpEndpointName.h; path = ../../../addons/ofxOsc/libs/oscpack/src/ip/IpEndpointName.h; sourceTree = SOURCE_ROOT; };
		489B196944B06ADC2A071076 /* ofxColorPicker.h */ = {isa = PBXFileReference; explicitFileType = sourcecode.c.h; fileEncoding = 4; name = ofxColorPicker.h; path = ../../../addons/ofxGui/src/ofxColorPicker.h; sourceTree = SOURCE_ROOT; };
		4CFB659E40D3D3DC5A3E9478 /* maxiGrains.h */ = {isa = PBXFileReference; explicitFileType = sourcecode.c.h; fileEncoding = 4; name = maxiGrains.h; path = ../../../addons/ofxMaxim/libs/maxiGrains.h; sourceTree = SOURCE_ROOT; };
		4E95FB446A9C9C6F0DE12D75 /* OscPrintReceivedElements.h */ = {isa = PBXFileReference; explicitFileType = sourcecode.c.h; fileEncoding = 4; name = OscPrintReceivedElements.h; path = ../../../addons/ofxOsc/libs/oscpack/src/osc/OscPrintReceivedElements.h; sourceTree = SOURCE_ROOT; };
		52AFA1F08C420992CAAAE648 /* ofxSlider.h */ = {isa = PBXFileReference; explicitFileType = sourcecode.c.h; fileEncoding = 4; name = ofxSlider.h; path = ../../../addons/ofxGui/src/ofxSlider.h; sourceTree = SOURCE_ROOT; };
		63A47AC60FFAFC3BF093EC0F /* OscOutboundPacketStream.cpp */ = {isa = PBXFileReference; explicitFileType = sourcecode.cpp.cpp; fileEncoding = 4; name = OscOutboundPacketStream.cpp; path = ../../../addons/ofxOsc/libs/oscpack/src/osc/OscOutboundPacketStream.cpp; sourceTree = SOURCE_ROOT; };
		65EEFA3DA3526E9CDD9C21F9 /* ofxOscBundle.cpp */ = {isa = PBXFileReference; explicitFileType = sourcecode.cpp.cpp; fileEncoding = 4; name = ofxOscBundle.cpp; path = ../../../addons/ofxOsc/src/ofxOscBundle.cpp; sourceTree = SOURCE_ROOT; };
		6A4EE0E35ED739A31CD0153E /* maxiFFT.cpp */ = {isa = PBXFileReference; explicitFileType = sourcecode.cpp.cpp; fileEncoding = 4; name = maxiFFT.cpp; path = ../../../addons/ofxMaxim/libs/maxiFFT.cpp; sourceTree = SOURCE_ROOT; };
		6B65E6930994CC4B2D2B8B33 /* OscPacketListener.h */ = {isa = PBXFileReference; explicitFileType = sourcecode.c.h; fileEncoding = 4; name = OscPacketListener.h; path = ../../../addons/ofxOsc/libs/oscpack/src/osc/OscPacketListener.h; sourceTree = SOURCE_ROOT; };
		7689F8A0F3D0B7635A8C3104 /* ofxOscArg.h */ = {isa = PBXFileReference; explicitFileType = sourcecode.c.h; fileEncoding = 4; name = ofxOscArg.h; path = ../../../addons/ofxOsc/src/ofxOscArg.h; sourceTree = SOURCE_ROOT; };
		78D67A00EB899FAC09430597 /* ofxLabel.cpp */ = {isa = PBXFileReference; explicitFileType = sourcecode.cpp.cpp; fileEncoding = 4; name = ofxLabel.cpp; path = ../../../addons/ofxGui/src/ofxLabel.cpp; sourceTree = SOURCE_ROOT; };
		7D2CBAA6529BCE46CA661E02 /* maxiAtoms.h */ = {isa = PBXFileReference; explicitFileType = sourcecode.c.h; fileEncoding = 4; name = maxiAtoms.h; path = ../../../addons/ofxMaxim/libs/maxiAtoms.h; sourceTree = SOURCE_ROOT; };
		802251BAF1B35B1D67B32FD0 /* ofxSliderGroup.cpp */ = {isa = PBXFileReference; explicitFileType = sourcecode.cpp.cpp; fileEncoding = 4; name = ofxSliderGroup.cpp; path = ../../../addons/ofxGui/src/ofxSliderGroup.cpp; sourceTree = SOURCE_ROOT; };
		80CD68E0DDF2C60D2715CC78 /* stb_vorbis.c */ = {isa = PBXFileReference; explicitFileType = sourcecode.c.c; fileEncoding = 4; name = stb_vorbis.c; path = ../../../addons/ofxMaxim/libs/stb_vorbis.c; sourceTree = SOURCE_ROOT; };
		81967292BFC87A0144BD32C6 /* ofxOscSender.cpp */ = {isa = PBXFileReference; explicitFileType = sourcecode.cpp.cpp; fileEncoding = 4; name = ofxOscSender.cpp; path = ../../../addons/ofxOsc/src/ofxOscSender.cpp; sourceTree = SOURCE_ROOT; };
		87D3A0051CCB2C0F0ECA139E /* maximilian.cpp */ = {isa = PBXFileReference; explicitFileType = sourcecode.cpp.cpp; fileEncoding = 4; name = maximilian.cpp; path = ../../../addons/ofxMaxim/libs/maximilian.cpp; sourceTree = SOURCE_ROOT; };
		87F26B4B24CBD428AD9EEBAA /* ofxBaseGui.h */ = {isa = PBXFileReference; explicitFileType = sourcecode.c.h; fileEncoding = 4; name = ofxBaseGui.h; path = ../../../addons/ofxGui/src/ofxBaseGui.h; sourceTree = SOURCE_ROOT; };
		89449E3044D456F7DE7BEA14 /* ofxPanel.h */ = {isa = PBXFileReference; explicitFileType = sourcecode.c.h; fileEncoding = 4; name = ofxPanel.h; path = ../../../addons/ofxGui/src/ofxPanel.h; sourceTree = SOURCE_ROOT; };
		8B30E93FD3D3475EED522A0E /* ofxOscBundle.h */ = {isa = PBXFileReference; explicitFileType = sourcecode.c.h; fileEncoding = 4; name = ofxOscBundle.h; path = ../../../addons/ofxOsc/src/ofxOscBundle.h; sourceTree = SOURCE_ROOT; };
		8C75AFC8774A62495DD53464 /* ofxOscReceiver.h */ = {isa = PBXFileReference; explicitFileType = sourcecode.c.h; fileEncoding = 4; name = ofxOscReceiver.h; path = ../../../addons/ofxOsc/src/ofxOscReceiver.h; sourceTree = SOURCE_ROOT; };
		907C5B5E104864A2D3A25745 /* ofxToggle.cpp */ = {isa = PBXFileReference; explicitFileType = sourcecode.cpp.cpp; fileEncoding = 4; name = ofxToggle.cpp; path = ../../../addons/ofxGui/src/ofxToggle.cpp; sourceTree = SOURCE_ROOT; };
		9312F3864ED05FC3E847FF69 /* ofxMaxim.h */ = {isa = PBXFileReference; explicitFileType = sourcecode.c.h; fileEncoding = 4; name = ofxMaxim.h; path = ../../../addons/ofxMaxim/src/ofxMaxim.h; sourceTree = SOURCE_ROOT; };
		95C3AC11BE0AC7EC464D2A36 /* maximilian.h */ = {isa = PBXFileReference; explicitFileType = sourcecode.c.h; fileEncoding = 4; name = maximilian.h; path = ../../../addons/ofxMaxim/libs/maximilian.h; sourceTree = SOURCE_ROOT; };
		9604B925D32EE39065747725 /* ofxBaseGui.cpp */ = {isa = PBXFileReference; explicitFileType = sourcecode.cpp.cpp; fileEncoding = 4; name = ofxBaseGui.cpp; path = ../../../addons/ofxGui/src/ofxBaseGui.cpp; sourceTree = SOURCE_ROOT; };
		9B9936002B519C1290F25FEC /* maxiBark.cpp */ = {isa = PBXFileReference; explicitFileType = sourcecode.cpp.cpp; fileEncoding = 4; name = maxiBark.cpp; path = ../../../addons/ofxMaxim/libs/maxiBark.cpp; sourceTree = SOURCE_ROOT; };
		9BF3AA0D4FAA89D0F8A0E545 /* OscReceivedElements.cpp */ = {isa = PBXFileReference; explicitFileType = sourcecode.cpp.cpp; fileEncoding = 4; name = OscReceivedElements.cpp; path = ../../../addons/ofxOsc/libs/oscpack/src/osc/OscReceivedElements.cpp; sourceTree = SOURCE_ROOT; };
		9D2FB19B70632A6F86622D94 /* maxiGrains.cpp */ = {isa = PBXFileReference; explicitFileType = sourcecode.cpp.cpp; fileEncoding = 4; name = maxiGrains.cpp; path = ../../../addons/ofxMaxim/libs/maxiGrains.cpp; sourceTree = SOURCE_ROOT; };
		9F7986DC4EB05E75FCE2C777 /* ofxOscSender.h */ = {isa = PBXFileReference; explicitFileType = sourcecode.c.h; fileEncoding = 4; name = ofxOscSender.h; path = ../../../addons/ofxOsc/src/ofxOscSender.h; sourceTree = SOURCE_ROOT; };
		A2AAA8CA403479E6FCDF920E /* OscHostEndianness.h */ = {isa = PBXFileReference; explicitFileType = sourcecode.c.h; fileEncoding = 4; name = OscHostEndianness.h; path = ../../../addons/ofxOsc/libs/oscpack/src/osc/OscHostEndianness.h; sourceTree = SOURCE_ROOT; };
		A67372B9CAED43269F8D42D3 /* maxiBark.h */ = {isa = PBXFileReference; explicitFileType = sourcecode.c.h; fileEncoding = 4; name = maxiBark.h; path = ../../../addons/ofxMaxim/libs/maxiBark.h; sourceTree = SOURCE_ROOT; };
		A852AD3A75FDFD790A24855A /* CreEPS.hpp */ = {isa = PBXFileReference; explicitFileType = sourcecode.c.h; fileEncoding = 4; name = CreEPS.hpp; path = ../../../addons/ofxVectorGraphics/libs/CreEPS.hpp; sourceTree = SOURCE_ROOT; };
		ADD194746185E2DA11468377 /* IpEndpointName.cpp */ = {isa = PBXFileReference; explicitFileType = sourcecode.cpp.cpp; fileEncoding = 4; name = IpEndpointName.cpp; path = ../../../addons/ofxOsc/libs/oscpack/src/ip/IpEndpointName.cpp; sourceTree = SOURCE_ROOT; };
		AE335EB4709BFD4671EEAC84 /* MessageMappingOscPacketListener.h */ = {isa = PBXFileReference; explicitFileType = sourcecode.c.h; fileEncoding = 4; name = MessageMappingOscPacketListener.h; path = ../../../addons/ofxOsc/libs/oscpack/src/osc/MessageMappingOscPacketListener.h; sourceTree = SOURCE_ROOT; };
		AE68B54581BE4A1DAE853180 /* ofxInputField.h */ = {isa = PBXFileReference; explicitFileType = sourcecode.c.h; fileEncoding = 4; name = ofxInputField.h; path = ../../../addons/ofxGui/src/ofxInputField.h; sourceTree = SOURCE_ROOT; };
		B2F326FA07783558EF3CDD2A /* stb_vorbis.h */ = {isa = PBXFileReference; explicitFileType = sourcecode.c.h; fileEncoding = 4; name = stb_vorbis.h; path = ../../../addons/ofxMaxim/libs/stb_vorbis.h; sourceTree = SOURCE_ROOT; };
		B31C608870ECEB2490A93736 /* ofxOscParameterSync.h */ = {isa = PBXFileReference; explicitFileType = sourcecode.c.h; fileEncoding = 4; name = ofxOscParameterSync.h; path = ../../../addons/ofxOsc/src/ofxOscParameterSync.h; sourceTree = SOURCE_ROOT; };
		B34D3539DB6F889A78540F7C /* sineTable.h */ = {isa = PBXFileReference; explicitFileType = sourcecode.c.h; fileEncoding = 4; name = sineTable.h; path = ../../../addons/ofxMaxim/libs/sineTable.h; sourceTree = SOURCE_ROOT; };
		B87C60311EC1FE841C1ECD89 /* ofxLabel.h */ = {isa = PBXFileReference; explicitFileType = sourcecode.c.h; fileEncoding = 4; name = ofxLabel.h; path = ../../../addons/ofxGui/src/ofxLabel.h; sourceTree = SOURCE_ROOT; };
		BA274EC7A169D538BD43A5D8 /* ofxGuiUtils.h */ = {isa = PBXFileReference; explicitFileType = sourcecode.c.h; fileEncoding = 4; name = ofxGuiUtils.h; path = ../../../addons/ofxGui/src/ofxGuiUtils.h; sourceTree = SOURCE_ROOT; };
		BA5114869056DFF1A50CFA4A /* fft.h */ = {isa = PBXFileReference; explicitFileType = sourcecode.c.h; fileEncoding = 4; name = fft.h; path = ../../../addons/ofxMaxim/libs/fft.h; sourceTree = SOURCE_ROOT; };
		BC8881B3C8C0A1C45F042E7A /* OscPrintReceivedElements.cpp */ = {isa = PBXFileReference; explicitFileType = sourcecode.cpp.cpp; fileEncoding = 4; name = OscPrintReceivedElements.cpp; path = ../../../addons/ofxOsc/libs/oscpack/src/osc/OscPrintReceivedElements.cpp; sourceTree = SOURCE_ROOT; };
		C15FEEBA29BA61A900A4B6CA /* testApp.h */ = {isa = PBXFileReference; fileEncoding = 4; lastKnownFileType = sourcecode.c.h; path = testApp.h; sourceTree = "<group>"; };
		C15FEEBB29BA61A900A4B6CA /* boids.cpp */ = {isa = PBXFileReference; fileEncoding = 4; lastKnownFileType = sourcecode.cpp.cpp; path = boids.cpp; sourceTree = "<group>"; };
		C15FEEBC29BA61A900A4B6CA /* boids.h */ = {isa = PBXFileReference; fileEncoding = 4; lastKnownFileType = sourcecode.c.h; path = boids.h; sourceTree = "<group>"; };
		C15FEEBD29BA61A900A4B6CA /* testApp.cpp */ = {isa = PBXFileReference; fileEncoding = 4; lastKnownFileType = sourcecode.cpp.cpp; path = testApp.cpp; sourceTree = "<group>"; };
		C2FAC65C491D4231379F3298 /* ofxOscReceiver.cpp */ = {isa = PBXFileReference; explicitFileType = sourcecode.cpp.cpp; fileEncoding = 4; name = ofxOscReceiver.cpp; path = ../../../addons/ofxOsc/src/ofxOscReceiver.cpp; sourceTree = SOURCE_ROOT; };
		C58862C6D212C8E8A83810F4 /* ofxOscMessage.h */ = {isa = PBXFileReference; explicitFileType = sourcecode.c.h; fileEncoding = 4; name = ofxOscMessage.h; path = ../../../addons/ofxOsc/src/ofxOscMessage.h; sourceTree = SOURCE_ROOT; };
		C6937888E126BADC8777423B /* OscTypes.h */ = {isa = PBXFileReference; explicitFileType = sourcecode.c.h; fileEncoding = 4; name = OscTypes.h; path = ../../../addons/ofxOsc/libs/oscpack/src/osc/OscTypes.h; sourceTree = SOURCE_ROOT; };
		C70D8946940288799E82131E /* ofxSliderGroup.h */ = {isa = PBXFileReference; explicitFileType = sourcecode.c.h; fileEncoding = 4; name = ofxSliderGroup.h; path = ../../../addons/ofxGui/src/ofxSliderGroup.h; sourceTree = SOURCE_ROOT; };
		C88333E71C9457E441C33474 /* ofxButton.cpp */ = {isa = PBXFileReference; explicitFileType = sourcecode.cpp.cpp; fileEncoding = 4; name = ofxButton.cpp; path = ../../../addons/ofxGui/src/ofxButton.cpp; sourceTree = SOURCE_ROOT; };
		D1C864AE2FE539BE7FD1F628 /* maxiMFCC.h */ = {isa = PBXFileReference; explicitFileType = sourcecode.c.h; fileEncoding = 4; name = maxiMFCC.h; path = ../../../addons/ofxMaxim/libs/maxiMFCC.h; sourceTree = SOURCE_ROOT; };
		D4DDC483DAD2C0353077AF28 /* ofxVectorGraphics.h */ = {isa = PBXFileReference; explicitFileType = sourcecode.c.h; fileEncoding = 4; name = ofxVectorGraphics.h; path = ../../../addons/ofxVectorGraphics/src/ofxVectorGraphics.h; sourceTree = SOURCE_ROOT; };
		D9BFFBBF4CC43DEE890B3C3E /* OscTypes.cpp */ = {isa = PBXFileReference; explicitFileType = sourcecode.cpp.cpp; fileEncoding = 4; name = OscTypes.cpp; path = ../../../addons/ofxOsc/libs/oscpack/src/osc/OscTypes.cpp; sourceTree = SOURCE_ROOT; };
		DF49D76C45D5DB505A234880 /* ofxOscMessage.cpp */ = {isa = PBXFileReference; explicitFileType = sourcecode.cpp.cpp; fileEncoding = 4; name = ofxOscMessage.cpp; path = ../../../addons/ofxOsc/src/ofxOscMessage.cpp; sourceTree = SOURCE_ROOT; };
		E112B3AEBEA2C091BF2B40AE /* ofxPanel.cpp */ = {isa = PBXFileReference; explicitFileType = sourcecode.cpp.cpp; fileEncoding = 4; name = ofxPanel.cpp; path = ../../../addons/ofxGui/src/ofxPanel.cpp; sourceTree = SOURCE_ROOT; };
		E42962AC2163EDD300A6A9E2 /* ofCamera.cpp */ = {isa = PBXFileReference; lastKnownFileType = sourcecode.cpp.cpp; name = ofCamera.cpp; path = ../../../libs/openFrameworks/3d/ofCamera.cpp; sourceTree = SOURCE_ROOT; };
		E42962AD2163EDD300A6A9E2 /* ofMesh.h */ = {isa = PBXFileReference; lastKnownFileType = sourcecode.c.h; name = ofMesh.h; path = ../../../libs/openFrameworks/3d/ofMesh.h; sourceTree = SOURCE_ROOT; };
		E42962AE2163EDD300A6A9E2 /* ofNode.h */ = {isa = PBXFileReference; lastKnownFileType = sourcecode.c.h; name = ofNode.h; path = ../../../libs/openFrameworks/3d/ofNode.h; sourceTree = SOURCE_ROOT; };
		E42962AF2163EDD300A6A9E2 /* ofNode.cpp */ = {isa = PBXFileReference; lastKnownFileType = sourcecode.cpp.cpp; name = ofNode.cpp; path = ../../../libs/openFrameworks/3d/ofNode.cpp; sourceTree = SOURCE_ROOT; };
		E42962B02163EDD300A6A9E2 /* of3dPrimitives.cpp */ = {isa = PBXFileReference; lastKnownFileType = sourcecode.cpp.cpp; name = of3dPrimitives.cpp; path = ../../../libs/openFrameworks/3d/of3dPrimitives.cpp; sourceTree = SOURCE_ROOT; };
		E42962B12163EDD300A6A9E2 /* of3dUtils.h */ = {isa = PBXFileReference; lastKnownFileType = sourcecode.c.h; name = of3dUtils.h; path = ../../../libs/openFrameworks/3d/of3dUtils.h; sourceTree = SOURCE_ROOT; };
		E42962B22163EDD300A6A9E2 /* ofEasyCam.cpp */ = {isa = PBXFileReference; lastKnownFileType = sourcecode.cpp.cpp; name = ofEasyCam.cpp; path = ../../../libs/openFrameworks/3d/ofEasyCam.cpp; sourceTree = SOURCE_ROOT; };
		E42962B32163EDD300A6A9E2 /* ofCamera.h */ = {isa = PBXFileReference; lastKnownFileType = sourcecode.c.h; name = ofCamera.h; path = ../../../libs/openFrameworks/3d/ofCamera.h; sourceTree = SOURCE_ROOT; };
		E42962B42163EDD300A6A9E2 /* ofMesh.inl */ = {isa = PBXFileReference; lastKnownFileType = text; name = ofMesh.inl; path = ../../../libs/openFrameworks/3d/ofMesh.inl; sourceTree = SOURCE_ROOT; };
		E42962B52163EDD300A6A9E2 /* of3dUtils.cpp */ = {isa = PBXFileReference; lastKnownFileType = sourcecode.cpp.cpp; name = of3dUtils.cpp; path = ../../../libs/openFrameworks/3d/of3dUtils.cpp; sourceTree = SOURCE_ROOT; };
		E42962B62163EDD300A6A9E2 /* of3dPrimitives.h */ = {isa = PBXFileReference; lastKnownFileType = sourcecode.c.h; name = of3dPrimitives.h; path = ../../../libs/openFrameworks/3d/of3dPrimitives.h; sourceTree = SOURCE_ROOT; };
		E42962B72163EDD300A6A9E2 /* ofEasyCam.h */ = {isa = PBXFileReference; lastKnownFileType = sourcecode.c.h; name = ofEasyCam.h; path = ../../../libs/openFrameworks/3d/ofEasyCam.h; sourceTree = SOURCE_ROOT; };
		E42962BA2163EDD300A6A9E2 /* ofAVFoundationGrabber.h */ = {isa = PBXFileReference; lastKnownFileType = sourcecode.c.h; name = ofAVFoundationGrabber.h; path = ../../../libs/openFrameworks/video/ofAVFoundationGrabber.h; sourceTree = SOURCE_ROOT; };
		E42962BB2163EDD300A6A9E2 /* ofVideoPlayer.h */ = {isa = PBXFileReference; lastKnownFileType = sourcecode.c.h; name = ofVideoPlayer.h; path = ../../../libs/openFrameworks/video/ofVideoPlayer.h; sourceTree = SOURCE_ROOT; };
		E42962BC2163EDD300A6A9E2 /* ofAVFoundationPlayer.h */ = {isa = PBXFileReference; lastKnownFileType = sourcecode.c.h; name = ofAVFoundationPlayer.h; path = ../../../libs/openFrameworks/video/ofAVFoundationPlayer.h; sourceTree = SOURCE_ROOT; };
		E42962C12163EDD300A6A9E2 /* ofAVFoundationVideoPlayer.h */ = {isa = PBXFileReference; lastKnownFileType = sourcecode.c.h; name = ofAVFoundationVideoPlayer.h; path = ../../../libs/openFrameworks/video/ofAVFoundationVideoPlayer.h; sourceTree = SOURCE_ROOT; };
		E42962C22163EDD300A6A9E2 /* ofAVFoundationGrabber.mm */ = {isa = PBXFileReference; lastKnownFileType = sourcecode.cpp.objcpp; name = ofAVFoundationGrabber.mm; path = ../../../libs/openFrameworks/video/ofAVFoundationGrabber.mm; sourceTree = SOURCE_ROOT; };
		E42962C42163EDD300A6A9E2 /* ofVideoPlayer.cpp */ = {isa = PBXFileReference; lastKnownFileType = sourcecode.cpp.cpp; name = ofVideoPlayer.cpp; path = ../../../libs/openFrameworks/video/ofVideoPlayer.cpp; sourceTree = SOURCE_ROOT; };
		E42962CA2163EDD300A6A9E2 /* ofVideoGrabber.h */ = {isa = PBXFileReference; lastKnownFileType = sourcecode.c.h; name = ofVideoGrabber.h; path = ../../../libs/openFrameworks/video/ofVideoGrabber.h; sourceTree = SOURCE_ROOT; };
		E42962CE2163EDD300A6A9E2 /* ofAVFoundationPlayer.mm */ = {isa = PBXFileReference; lastKnownFileType = sourcecode.cpp.objcpp; name = ofAVFoundationPlayer.mm; path = ../../../libs/openFrameworks/video/ofAVFoundationPlayer.mm; sourceTree = SOURCE_ROOT; };
		E42962D02163EDD300A6A9E2 /* ofVideoGrabber.cpp */ = {isa = PBXFileReference; lastKnownFileType = sourcecode.cpp.cpp; name = ofVideoGrabber.cpp; path = ../../../libs/openFrameworks/video/ofVideoGrabber.cpp; sourceTree = SOURCE_ROOT; };
		E42962D72163EDD300A6A9E2 /* ofAVFoundationVideoPlayer.m */ = {isa = PBXFileReference; lastKnownFileType = sourcecode.c.objc; name = ofAVFoundationVideoPlayer.m; path = ../../../libs/openFrameworks/video/ofAVFoundationVideoPlayer.m; sourceTree = SOURCE_ROOT; };
		E42962D92163EDD300A6A9E2 /* ofVideoBaseTypes.h */ = {isa = PBXFileReference; lastKnownFileType = sourcecode.c.h; name = ofVideoBaseTypes.h; path = ../../../libs/openFrameworks/video/ofVideoBaseTypes.h; sourceTree = SOURCE_ROOT; };
		E42962DB2163EDD300A6A9E2 /* ofParameterGroup.h */ = {isa = PBXFileReference; lastKnownFileType = sourcecode.c.h; name = ofParameterGroup.h; path = ../../../libs/openFrameworks/types/ofParameterGroup.h; sourceTree = SOURCE_ROOT; };
		E42962DC2163EDD300A6A9E2 /* ofColor.h */ = {isa = PBXFileReference; lastKnownFileType = sourcecode.c.h; name = ofColor.h; path = ../../../libs/openFrameworks/types/ofColor.h; sourceTree = SOURCE_ROOT; };
		E42962DD2163EDD300A6A9E2 /* ofRectangle.cpp */ = {isa = PBXFileReference; lastKnownFileType = sourcecode.cpp.cpp; name = ofRectangle.cpp; path = ../../../libs/openFrameworks/types/ofRectangle.cpp; sourceTree = SOURCE_ROOT; };
		E42962DE2163EDD300A6A9E2 /* ofPoint.h */ = {isa = PBXFileReference; lastKnownFileType = sourcecode.c.h; name = ofPoint.h; path = ../../../libs/openFrameworks/types/ofPoint.h; sourceTree = SOURCE_ROOT; };
		E42962DF2163EDD300A6A9E2 /* ofTypes.h */ = {isa = PBXFileReference; lastKnownFileType = sourcecode.c.h; name = ofTypes.h; path = ../../../libs/openFrameworks/types/ofTypes.h; sourceTree = SOURCE_ROOT; };
		E42962E02163EDD300A6A9E2 /* ofRectangle.h */ = {isa = PBXFileReference; lastKnownFileType = sourcecode.c.h; name = ofRectangle.h; path = ../../../libs/openFrameworks/types/ofRectangle.h; sourceTree = SOURCE_ROOT; };
		E42962E12163EDD300A6A9E2 /* ofBaseTypes.cpp */ = {isa = PBXFileReference; lastKnownFileType = sourcecode.cpp.cpp; name = ofBaseTypes.cpp; path = ../../../libs/openFrameworks/types/ofBaseTypes.cpp; sourceTree = SOURCE_ROOT; };
		E42962E22163EDD300A6A9E2 /* ofParameterGroup.cpp */ = {isa = PBXFileReference; lastKnownFileType = sourcecode.cpp.cpp; name = ofParameterGroup.cpp; path = ../../../libs/openFrameworks/types/ofParameterGroup.cpp; sourceTree = SOURCE_ROOT; };
		E42962E32163EDD300A6A9E2 /* ofParameter.h */ = {isa = PBXFileReference; lastKnownFileType = sourcecode.c.h; name = ofParameter.h; path = ../../../libs/openFrameworks/types/ofParameter.h; sourceTree = SOURCE_ROOT; };
		E42962E42163EDD300A6A9E2 /* ofColor.cpp */ = {isa = PBXFileReference; lastKnownFileType = sourcecode.cpp.cpp; name = ofColor.cpp; path = ../../../libs/openFrameworks/types/ofColor.cpp; sourceTree = SOURCE_ROOT; };
		E42962E52163EDD300A6A9E2 /* ofParameter.cpp */ = {isa = PBXFileReference; lastKnownFileType = sourcecode.cpp.cpp; name = ofParameter.cpp; path = ../../../libs/openFrameworks/types/ofParameter.cpp; sourceTree = SOURCE_ROOT; };
		E42962E62163EDD300A6A9E2 /* ofBaseTypes.h */ = {isa = PBXFileReference; lastKnownFileType = sourcecode.c.h; name = ofBaseTypes.h; path = ../../../libs/openFrameworks/types/ofBaseTypes.h; sourceTree = SOURCE_ROOT; };
		E42962E82163EDD300A6A9E2 /* ofMainLoop.h */ = {isa = PBXFileReference; lastKnownFileType = sourcecode.c.h; name = ofMainLoop.h; path = ../../../libs/openFrameworks/app/ofMainLoop.h; sourceTree = SOURCE_ROOT; };
		E42962E92163EDD300A6A9E2 /* ofBaseApp.cpp */ = {isa = PBXFileReference; lastKnownFileType = sourcecode.cpp.cpp; name = ofBaseApp.cpp; path = ../../../libs/openFrameworks/app/ofBaseApp.cpp; sourceTree = SOURCE_ROOT; };
		E42962EA2163EDD300A6A9E2 /* ofAppGlutWindow.cpp */ = {isa = PBXFileReference; lastKnownFileType = sourcecode.cpp.cpp; name = ofAppGlutWindow.cpp; path = ../../../libs/openFrameworks/app/ofAppGlutWindow.cpp; sourceTree = SOURCE_ROOT; };
		E42962EB2163EDD300A6A9E2 /* ofWindowSettings.h */ = {isa = PBXFileReference; lastKnownFileType = sourcecode.c.h; name = ofWindowSettings.h; path = ../../../libs/openFrameworks/app/ofWindowSettings.h; sourceTree = SOURCE_ROOT; };
		E42962EC2163EDD300A6A9E2 /* ofAppEGLWindow.cpp */ = {isa = PBXFileReference; lastKnownFileType = sourcecode.cpp.cpp; name = ofAppEGLWindow.cpp; path = ../../../libs/openFrameworks/app/ofAppEGLWindow.cpp; sourceTree = SOURCE_ROOT; };
		E42962ED2163EDD300A6A9E2 /* ofAppBaseWindow.h */ = {isa = PBXFileReference; lastKnownFileType = sourcecode.c.h; name = ofAppBaseWindow.h; path = ../../../libs/openFrameworks/app/ofAppBaseWindow.h; sourceTree = SOURCE_ROOT; };
		E42962EE2163EDD300A6A9E2 /* ofIcon.h */ = {isa = PBXFileReference; lastKnownFileType = sourcecode.c.h; name = ofIcon.h; path = ../../../libs/openFrameworks/app/ofIcon.h; sourceTree = SOURCE_ROOT; };
		E42962EF2163EDD300A6A9E2 /* ofAppNoWindow.h */ = {isa = PBXFileReference; lastKnownFileType = sourcecode.c.h; name = ofAppNoWindow.h; path = ../../../libs/openFrameworks/app/ofAppNoWindow.h; sourceTree = SOURCE_ROOT; };
		E42962F02163EDD300A6A9E2 /* ofBaseApp.h */ = {isa = PBXFileReference; lastKnownFileType = sourcecode.c.h; name = ofBaseApp.h; path = ../../../libs/openFrameworks/app/ofBaseApp.h; sourceTree = SOURCE_ROOT; };
		E42962F12163EDD300A6A9E2 /* ofAppEGLWindow.h */ = {isa = PBXFileReference; lastKnownFileType = sourcecode.c.h; name = ofAppEGLWindow.h; path = ../../../libs/openFrameworks/app/ofAppEGLWindow.h; sourceTree = SOURCE_ROOT; };
		E42962F22163EDD300A6A9E2 /* ofMainLoop.cpp */ = {isa = PBXFileReference; lastKnownFileType = sourcecode.cpp.cpp; name = ofMainLoop.cpp; path = ../../../libs/openFrameworks/app/ofMainLoop.cpp; sourceTree = SOURCE_ROOT; };
		E42962F32163EDD300A6A9E2 /* ofAppRunner.h */ = {isa = PBXFileReference; lastKnownFileType = sourcecode.c.h; name = ofAppRunner.h; path = ../../../libs/openFrameworks/app/ofAppRunner.h; sourceTree = SOURCE_ROOT; };
		E42962F42163EDD300A6A9E2 /* ofAppNoWindow.cpp */ = {isa = PBXFileReference; lastKnownFileType = sourcecode.cpp.cpp; name = ofAppNoWindow.cpp; path = ../../../libs/openFrameworks/app/ofAppNoWindow.cpp; sourceTree = SOURCE_ROOT; };
		E42962F52163EDD300A6A9E2 /* ofAppGLFWWindow.cpp */ = {isa = PBXFileReference; lastKnownFileType = sourcecode.cpp.cpp; name = ofAppGLFWWindow.cpp; path = ../../../libs/openFrameworks/app/ofAppGLFWWindow.cpp; sourceTree = SOURCE_ROOT; };
		E42962F62163EDD300A6A9E2 /* ofAppGlutWindow.h */ = {isa = PBXFileReference; lastKnownFileType = sourcecode.c.h; name = ofAppGlutWindow.h; path = ../../../libs/openFrameworks/app/ofAppGlutWindow.h; sourceTree = SOURCE_ROOT; };
		E42962F72163EDD300A6A9E2 /* ofAppRunner.cpp */ = {isa = PBXFileReference; lastKnownFileType = sourcecode.cpp.cpp; name = ofAppRunner.cpp; path = ../../../libs/openFrameworks/app/ofAppRunner.cpp; sourceTree = SOURCE_ROOT; };
		E42962F82163EDD300A6A9E2 /* ofAppGLFWWindow.h */ = {isa = PBXFileReference; lastKnownFileType = sourcecode.c.h; name = ofAppGLFWWindow.h; path = ../../../libs/openFrameworks/app/ofAppGLFWWindow.h; sourceTree = SOURCE_ROOT; };
		E42962F92163EDD300A6A9E2 /* ofMain.h */ = {isa = PBXFileReference; lastKnownFileType = sourcecode.c.h; name = ofMain.h; path = ../../../libs/openFrameworks/ofMain.h; sourceTree = SOURCE_ROOT; };
		E42962FB2163EDD300A6A9E2 /* ofThreadChannel.h */ = {isa = PBXFileReference; lastKnownFileType = sourcecode.c.h; name = ofThreadChannel.h; path = ../../../libs/openFrameworks/utils/ofThreadChannel.h; sourceTree = SOURCE_ROOT; };
		E42962FC2163EDD300A6A9E2 /* ofThread.cpp */ = {isa = PBXFileReference; lastKnownFileType = sourcecode.cpp.cpp; name = ofThread.cpp; path = ../../../libs/openFrameworks/utils/ofThread.cpp; sourceTree = SOURCE_ROOT; };
		E42962FD2163EDD300A6A9E2 /* ofFpsCounter.cpp */ = {isa = PBXFileReference; lastKnownFileType = sourcecode.cpp.cpp; name = ofFpsCounter.cpp; path = ../../../libs/openFrameworks/utils/ofFpsCounter.cpp; sourceTree = SOURCE_ROOT; };
		E42962FE2163EDD300A6A9E2 /* ofURLFileLoader.cpp */ = {isa = PBXFileReference; lastKnownFileType = sourcecode.cpp.cpp; name = ofURLFileLoader.cpp; path = ../../../libs/openFrameworks/utils/ofURLFileLoader.cpp; sourceTree = SOURCE_ROOT; };
		E42962FF2163EDD300A6A9E2 /* ofConstants.h */ = {isa = PBXFileReference; lastKnownFileType = sourcecode.c.h; name = ofConstants.h; path = ../../../libs/openFrameworks/utils/ofConstants.h; sourceTree = SOURCE_ROOT; };
		E42963002163EDD300A6A9E2 /* ofXml.h */ = {isa = PBXFileReference; lastKnownFileType = sourcecode.c.h; name = ofXml.h; path = ../../../libs/openFrameworks/utils/ofXml.h; sourceTree = SOURCE_ROOT; };
		E42963012163EDD300A6A9E2 /* ofFpsCounter.h */ = {isa = PBXFileReference; lastKnownFileType = sourcecode.c.h; name = ofFpsCounter.h; path = ../../../libs/openFrameworks/utils/ofFpsCounter.h; sourceTree = SOURCE_ROOT; };
		E42963022163EDD300A6A9E2 /* ofLog.h */ = {isa = PBXFileReference; lastKnownFileType = sourcecode.c.h; name = ofLog.h; path = ../../../libs/openFrameworks/utils/ofLog.h; sourceTree = SOURCE_ROOT; };
		E42963032163EDD300A6A9E2 /* ofSystemUtils.h */ = {isa = PBXFileReference; lastKnownFileType = sourcecode.c.h; name = ofSystemUtils.h; path = ../../../libs/openFrameworks/utils/ofSystemUtils.h; sourceTree = SOURCE_ROOT; };
		E42963042163EDD300A6A9E2 /* ofSystemUtils.cpp */ = {isa = PBXFileReference; lastKnownFileType = sourcecode.cpp.cpp; name = ofSystemUtils.cpp; path = ../../../libs/openFrameworks/utils/ofSystemUtils.cpp; sourceTree = SOURCE_ROOT; };
		E42963052163EDD300A6A9E2 /* ofUtils.h */ = {isa = PBXFileReference; lastKnownFileType = sourcecode.c.h; name = ofUtils.h; path = ../../../libs/openFrameworks/utils/ofUtils.h; sourceTree = SOURCE_ROOT; };
		E42963062163EDD300A6A9E2 /* ofNoise.h */ = {isa = PBXFileReference; lastKnownFileType = sourcecode.c.h; name = ofNoise.h; path = ../../../libs/openFrameworks/utils/ofNoise.h; sourceTree = SOURCE_ROOT; };
		E42963072163EDD300A6A9E2 /* ofLog.cpp */ = {isa = PBXFileReference; lastKnownFileType = sourcecode.cpp.cpp; name = ofLog.cpp; path = ../../../libs/openFrameworks/utils/ofLog.cpp; sourceTree = SOURCE_ROOT; };
		E42963082163EDD300A6A9E2 /* ofTimer.cpp */ = {isa = PBXFileReference; lastKnownFileType = sourcecode.cpp.cpp; name = ofTimer.cpp; path = ../../../libs/openFrameworks/utils/ofTimer.cpp; sourceTree = SOURCE_ROOT; };
		E42963092163EDD300A6A9E2 /* ofFileUtils.h */ = {isa = PBXFileReference; lastKnownFileType = sourcecode.c.h; name = ofFileUtils.h; path = ../../../libs/openFrameworks/utils/ofFileUtils.h; sourceTree = SOURCE_ROOT; };
		E429630A2163EDD300A6A9E2 /* ofThread.h */ = {isa = PBXFileReference; lastKnownFileType = sourcecode.c.h; name = ofThread.h; path = ../../../libs/openFrameworks/utils/ofThread.h; sourceTree = SOURCE_ROOT; };
		E429630B2163EDD300A6A9E2 /* ofURLFileLoader.h */ = {isa = PBXFileReference; lastKnownFileType = sourcecode.c.h; name = ofURLFileLoader.h; path = ../../../libs/openFrameworks/utils/ofURLFileLoader.h; sourceTree = SOURCE_ROOT; };
		E429630C2163EDD300A6A9E2 /* ofJson.h */ = {isa = PBXFileReference; lastKnownFileType = sourcecode.c.h; name = ofJson.h; path = ../../../libs/openFrameworks/utils/ofJson.h; sourceTree = SOURCE_ROOT; };
		E429630D2163EDD300A6A9E2 /* ofFileUtils.cpp */ = {isa = PBXFileReference; lastKnownFileType = sourcecode.cpp.cpp; name = ofFileUtils.cpp; path = ../../../libs/openFrameworks/utils/ofFileUtils.cpp; sourceTree = SOURCE_ROOT; };
		E429630E2163EDD300A6A9E2 /* ofMatrixStack.cpp */ = {isa = PBXFileReference; lastKnownFileType = sourcecode.cpp.cpp; name = ofMatrixStack.cpp; path = ../../../libs/openFrameworks/utils/ofMatrixStack.cpp; sourceTree = SOURCE_ROOT; };
		E429630F2163EDD300A6A9E2 /* ofUtils.cpp */ = {isa = PBXFileReference; lastKnownFileType = sourcecode.cpp.cpp; name = ofUtils.cpp; path = ../../../libs/openFrameworks/utils/ofUtils.cpp; sourceTree = SOURCE_ROOT; };
		E42963102163EDD300A6A9E2 /* ofXml.cpp */ = {isa = PBXFileReference; lastKnownFileType = sourcecode.cpp.cpp; name = ofXml.cpp; path = ../../../libs/openFrameworks/utils/ofXml.cpp; sourceTree = SOURCE_ROOT; };
		E42963112163EDD300A6A9E2 /* ofMatrixStack.h */ = {isa = PBXFileReference; lastKnownFileType = sourcecode.c.h; name = ofMatrixStack.h; path = ../../../libs/openFrameworks/utils/ofMatrixStack.h; sourceTree = SOURCE_ROOT; };
		E42963122163EDD300A6A9E2 /* ofTimer.h */ = {isa = PBXFileReference; lastKnownFileType = sourcecode.c.h; name = ofTimer.h; path = ../../../libs/openFrameworks/utils/ofTimer.h; sourceTree = SOURCE_ROOT; };
		E42963142163EDD300A6A9E2 /* ofVec2f.cpp */ = {isa = PBXFileReference; lastKnownFileType = sourcecode.cpp.cpp; name = ofVec2f.cpp; path = ../../../libs/openFrameworks/math/ofVec2f.cpp; sourceTree = SOURCE_ROOT; };
		E42963152163EDD300A6A9E2 /* ofVec4f.cpp */ = {isa = PBXFileReference; lastKnownFileType = sourcecode.cpp.cpp; name = ofVec4f.cpp; path = ../../../libs/openFrameworks/math/ofVec4f.cpp; sourceTree = SOURCE_ROOT; };
		E42963162163EDD300A6A9E2 /* ofVec4f.h */ = {isa = PBXFileReference; lastKnownFileType = sourcecode.c.h; name = ofVec4f.h; path = ../../../libs/openFrameworks/math/ofVec4f.h; sourceTree = SOURCE_ROOT; };
		E42963172163EDD300A6A9E2 /* ofMath.cpp */ = {isa = PBXFileReference; lastKnownFileType = sourcecode.cpp.cpp; name = ofMath.cpp; path = ../../../libs/openFrameworks/math/ofMath.cpp; sourceTree = SOURCE_ROOT; };
		E42963182163EDD300A6A9E2 /* ofMathConstants.h */ = {isa = PBXFileReference; lastKnownFileType = sourcecode.c.h; name = ofMathConstants.h; path = ../../../libs/openFrameworks/math/ofMathConstants.h; sourceTree = SOURCE_ROOT; };
		E42963192163EDD300A6A9E2 /* ofMatrix4x4.h */ = {isa = PBXFileReference; lastKnownFileType = sourcecode.c.h; name = ofMatrix4x4.h; path = ../../../libs/openFrameworks/math/ofMatrix4x4.h; sourceTree = SOURCE_ROOT; };
		E429631A2163EDD300A6A9E2 /* ofVec3f.h */ = {isa = PBXFileReference; lastKnownFileType = sourcecode.c.h; name = ofVec3f.h; path = ../../../libs/openFrameworks/math/ofVec3f.h; sourceTree = SOURCE_ROOT; };
		E429631B2163EDD300A6A9E2 /* ofMatrix3x3.cpp */ = {isa = PBXFileReference; lastKnownFileType = sourcecode.cpp.cpp; name = ofMatrix3x3.cpp; path = ../../../libs/openFrameworks/math/ofMatrix3x3.cpp; sourceTree = SOURCE_ROOT; };
		E429631C2163EDD300A6A9E2 /* ofMath.h */ = {isa = PBXFileReference; lastKnownFileType = sourcecode.c.h; name = ofMath.h; path = ../../../libs/openFrameworks/math/ofMath.h; sourceTree = SOURCE_ROOT; };
		E429631D2163EDD300A6A9E2 /* ofQuaternion.h */ = {isa = PBXFileReference; lastKnownFileType = sourcecode.c.h; name = ofQuaternion.h; path = ../../../libs/openFrameworks/math/ofQuaternion.h; sourceTree = SOURCE_ROOT; };
		E429631E2163EDD300A6A9E2 /* ofVectorMath.h */ = {isa = PBXFileReference; lastKnownFileType = sourcecode.c.h; name = ofVectorMath.h; path = ../../../libs/openFrameworks/math/ofVectorMath.h; sourceTree = SOURCE_ROOT; };
		E429631F2163EDD300A6A9E2 /* ofQuaternion.cpp */ = {isa = PBXFileReference; lastKnownFileType = sourcecode.cpp.cpp; name = ofQuaternion.cpp; path = ../../../libs/openFrameworks/math/ofQuaternion.cpp; sourceTree = SOURCE_ROOT; };
		E42963202163EDD300A6A9E2 /* ofVec2f.h */ = {isa = PBXFileReference; lastKnownFileType = sourcecode.c.h; name = ofVec2f.h; path = ../../../libs/openFrameworks/math/ofVec2f.h; sourceTree = SOURCE_ROOT; };
		E42963212163EDD300A6A9E2 /* ofMatrix4x4.cpp */ = {isa = PBXFileReference; lastKnownFileType = sourcecode.cpp.cpp; name = ofMatrix4x4.cpp; path = ../../../libs/openFrameworks/math/ofMatrix4x4.cpp; sourceTree = SOURCE_ROOT; };
		E42963222163EDD300A6A9E2 /* ofMatrix3x3.h */ = {isa = PBXFileReference; lastKnownFileType = sourcecode.c.h; name = ofMatrix3x3.h; path = ../../../libs/openFrameworks/math/ofMatrix3x3.h; sourceTree = SOURCE_ROOT; };
		E42963262163EDD300A6A9E2 /* ofVboMesh.h */ = {isa = PBXFileReference; lastKnownFileType = sourcecode.c.h; name = ofVboMesh.h; path = ../../../libs/openFrameworks/gl/ofVboMesh.h; sourceTree = SOURCE_ROOT; };
		E42963272163EDD300A6A9E2 /* ofTexture.h */ = {isa = PBXFileReference; lastKnownFileType = sourcecode.c.h; name = ofTexture.h; path = ../../../libs/openFrameworks/gl/ofTexture.h; sourceTree = SOURCE_ROOT; };
		E42963282163EDD300A6A9E2 /* ofShader.h */ = {isa = PBXFileReference; lastKnownFileType = sourcecode.c.h; name = ofShader.h; path = ../../../libs/openFrameworks/gl/ofShader.h; sourceTree = SOURCE_ROOT; };
		E42963292163EDD300A6A9E2 /* ofMaterial.cpp */ = {isa = PBXFileReference; lastKnownFileType = sourcecode.cpp.cpp; name = ofMaterial.cpp; path = ../../../libs/openFrameworks/gl/ofMaterial.cpp; sourceTree = SOURCE_ROOT; };
		E429632A2163EDD300A6A9E2 /* ofFbo.cpp */ = {isa = PBXFileReference; lastKnownFileType = sourcecode.cpp.cpp; name = ofFbo.cpp; path = ../../../libs/openFrameworks/gl/ofFbo.cpp; sourceTree = SOURCE_ROOT; };
		E429632B2163EDD300A6A9E2 /* ofLight.h */ = {isa = PBXFileReference; lastKnownFileType = sourcecode.c.h; name = ofLight.h; path = ../../../libs/openFrameworks/gl/ofLight.h; sourceTree = SOURCE_ROOT; };
		E429632C2163EDD300A6A9E2 /* ofMaterial.h */ = {isa = PBXFileReference; lastKnownFileType = sourcecode.c.h; name = ofMaterial.h; path = ../../../libs/openFrameworks/gl/ofMaterial.h; sourceTree = SOURCE_ROOT; };
		E429632D2163EDD300A6A9E2 /* ofShader.cpp */ = {isa = PBXFileReference; lastKnownFileType = sourcecode.cpp.cpp; name = ofShader.cpp; path = ../../../libs/openFrameworks/gl/ofShader.cpp; sourceTree = SOURCE_ROOT; };
		E429632E2163EDD300A6A9E2 /* ofBufferObject.cpp */ = {isa = PBXFileReference; lastKnownFileType = sourcecode.cpp.cpp; name = ofBufferObject.cpp; path = ../../../libs/openFrameworks/gl/ofBufferObject.cpp; sourceTree = SOURCE_ROOT; };
		E429632F2163EDD300A6A9E2 /* ofVboMesh.cpp */ = {isa = PBXFileReference; lastKnownFileType = sourcecode.cpp.cpp; name = ofVboMesh.cpp; path = ../../../libs/openFrameworks/gl/ofVboMesh.cpp; sourceTree = SOURCE_ROOT; };
		E42963302163EDD300A6A9E2 /* ofGLUtils.cpp */ = {isa = PBXFileReference; lastKnownFileType = sourcecode.cpp.cpp; name = ofGLUtils.cpp; path = ../../../libs/openFrameworks/gl/ofGLUtils.cpp; sourceTree = SOURCE_ROOT; };
		E42963312163EDD300A6A9E2 /* ofVbo.h */ = {isa = PBXFileReference; lastKnownFileType = sourcecode.c.h; name = ofVbo.h; path = ../../../libs/openFrameworks/gl/ofVbo.h; sourceTree = SOURCE_ROOT; };
		E42963322163EDD300A6A9E2 /* ofLight.cpp */ = {isa = PBXFileReference; lastKnownFileType = sourcecode.cpp.cpp; name = ofLight.cpp; path = ../../../libs/openFrameworks/gl/ofLight.cpp; sourceTree = SOURCE_ROOT; };
		E42963332163EDD300A6A9E2 /* ofBufferObject.h */ = {isa = PBXFileReference; lastKnownFileType = sourcecode.c.h; name = ofBufferObject.h; path = ../../../libs/openFrameworks/gl/ofBufferObject.h; sourceTree = SOURCE_ROOT; };
		E42963342163EDD300A6A9E2 /* ofGLProgrammableRenderer.cpp */ = {isa = PBXFileReference; lastKnownFileType = sourcecode.cpp.cpp; name = ofGLProgrammableRenderer.cpp; path = ../../../libs/openFrameworks/gl/ofGLProgrammableRenderer.cpp; sourceTree = SOURCE_ROOT; };
		E42963382163EDD300A6A9E2 /* ofFbo.h */ = {isa = PBXFileReference; lastKnownFileType = sourcecode.c.h; name = ofFbo.h; path = ../../../libs/openFrameworks/gl/ofFbo.h; sourceTree = SOURCE_ROOT; };
		E42963392163EDD300A6A9E2 /* ofGLBaseTypes.h */ = {isa = PBXFileReference; lastKnownFileType = sourcecode.c.h; name = ofGLBaseTypes.h; path = ../../../libs/openFrameworks/gl/ofGLBaseTypes.h; sourceTree = SOURCE_ROOT; };
		E429633A2163EDD300A6A9E2 /* ofVbo.cpp */ = {isa = PBXFileReference; lastKnownFileType = sourcecode.cpp.cpp; name = ofVbo.cpp; path = ../../../libs/openFrameworks/gl/ofVbo.cpp; sourceTree = SOURCE_ROOT; };
		E429633B2163EDD300A6A9E2 /* ofGLProgrammableRenderer.h */ = {isa = PBXFileReference; lastKnownFileType = sourcecode.c.h; name = ofGLProgrammableRenderer.h; path = ../../../libs/openFrameworks/gl/ofGLProgrammableRenderer.h; sourceTree = SOURCE_ROOT; };
		E429633C2163EDD300A6A9E2 /* ofTexture.cpp */ = {isa = PBXFileReference; lastKnownFileType = sourcecode.cpp.cpp; name = ofTexture.cpp; path = ../../../libs/openFrameworks/gl/ofTexture.cpp; sourceTree = SOURCE_ROOT; };
		E429633D2163EDD300A6A9E2 /* ofGLUtils.h */ = {isa = PBXFileReference; lastKnownFileType = sourcecode.c.h; name = ofGLUtils.h; path = ../../../libs/openFrameworks/gl/ofGLUtils.h; sourceTree = SOURCE_ROOT; };
		E429633E2163EDD300A6A9E2 /* ofGLRenderer.cpp */ = {isa = PBXFileReference; lastKnownFileType = sourcecode.cpp.cpp; name = ofGLRenderer.cpp; path = ../../../libs/openFrameworks/gl/ofGLRenderer.cpp; sourceTree = SOURCE_ROOT; };
		E429633F2163EDD300A6A9E2 /* ofGLRenderer.h */ = {isa = PBXFileReference; lastKnownFileType = sourcecode.c.h; name = ofGLRenderer.h; path = ../../../libs/openFrameworks/gl/ofGLRenderer.h; sourceTree = SOURCE_ROOT; };
		E42963412163EDD300A6A9E2 /* ofArduino.h */ = {isa = PBXFileReference; lastKnownFileType = sourcecode.c.h; name = ofArduino.h; path = ../../../libs/openFrameworks/communication/ofArduino.h; sourceTree = SOURCE_ROOT; };
		E42963422163EDD300A6A9E2 /* ofSerial.cpp */ = {isa = PBXFileReference; lastKnownFileType = sourcecode.cpp.cpp; name = ofSerial.cpp; path = ../../../libs/openFrameworks/communication/ofSerial.cpp; sourceTree = SOURCE_ROOT; };
		E42963432163EDD300A6A9E2 /* ofSerial.h */ = {isa = PBXFileReference; lastKnownFileType = sourcecode.c.h; name = ofSerial.h; path = ../../../libs/openFrameworks/communication/ofSerial.h; sourceTree = SOURCE_ROOT; };
		E42963442163EDD300A6A9E2 /* ofArduino.cpp */ = {isa = PBXFileReference; lastKnownFileType = sourcecode.cpp.cpp; name = ofArduino.cpp; path = ../../../libs/openFrameworks/communication/ofArduino.cpp; sourceTree = SOURCE_ROOT; };
		E42963462163EDD300A6A9E2 /* ofEventUtils.h */ = {isa = PBXFileReference; lastKnownFileType = sourcecode.c.h; name = ofEventUtils.h; path = ../../../libs/openFrameworks/events/ofEventUtils.h; sourceTree = SOURCE_ROOT; };
		E42963472163EDD300A6A9E2 /* ofEvent.h */ = {isa = PBXFileReference; lastKnownFileType = sourcecode.c.h; name = ofEvent.h; path = ../../../libs/openFrameworks/events/ofEvent.h; sourceTree = SOURCE_ROOT; };
		E42963482163EDD300A6A9E2 /* ofEvents.h */ = {isa = PBXFileReference; lastKnownFileType = sourcecode.c.h; name = ofEvents.h; path = ../../../libs/openFrameworks/events/ofEvents.h; sourceTree = SOURCE_ROOT; };
		E42963492163EDD300A6A9E2 /* ofEvents.cpp */ = {isa = PBXFileReference; lastKnownFileType = sourcecode.cpp.cpp; name = ofEvents.cpp; path = ../../../libs/openFrameworks/events/ofEvents.cpp; sourceTree = SOURCE_ROOT; };
		E429634B2163EDD300A6A9E2 /* ofGraphicsBaseTypes.h */ = {isa = PBXFileReference; lastKnownFileType = sourcecode.c.h; name = ofGraphicsBaseTypes.h; path = ../../../libs/openFrameworks/graphics/ofGraphicsBaseTypes.h; sourceTree = SOURCE_ROOT; };
		E429634C2163EDD300A6A9E2 /* ofPath.h */ = {isa = PBXFileReference; lastKnownFileType = sourcecode.c.h; name = ofPath.h; path = ../../../libs/openFrameworks/graphics/ofPath.h; sourceTree = SOURCE_ROOT; };
		E429634D2163EDD300A6A9E2 /* ofBitmapFont.cpp */ = {isa = PBXFileReference; lastKnownFileType = sourcecode.cpp.cpp; name = ofBitmapFont.cpp; path = ../../../libs/openFrameworks/graphics/ofBitmapFont.cpp; sourceTree = SOURCE_ROOT; };
		E429634E2163EDD300A6A9E2 /* ofTrueTypeFont.h */ = {isa = PBXFileReference; lastKnownFileType = sourcecode.c.h; name = ofTrueTypeFont.h; path = ../../../libs/openFrameworks/graphics/ofTrueTypeFont.h; sourceTree = SOURCE_ROOT; };
		E429634F2163EDD300A6A9E2 /* ofTessellator.cpp */ = {isa = PBXFileReference; lastKnownFileType = sourcecode.cpp.cpp; name = ofTessellator.cpp; path = ../../../libs/openFrameworks/graphics/ofTessellator.cpp; sourceTree = SOURCE_ROOT; };
		E42963502163EDD300A6A9E2 /* ofGraphics.cpp */ = {isa = PBXFileReference; lastKnownFileType = sourcecode.cpp.cpp; name = ofGraphics.cpp; path = ../../../libs/openFrameworks/graphics/ofGraphics.cpp; sourceTree = SOURCE_ROOT; };
		E42963512163EDD300A6A9E2 /* ofPolyline.h */ = {isa = PBXFileReference; lastKnownFileType = sourcecode.c.h; name = ofPolyline.h; path = ../../../libs/openFrameworks/graphics/ofPolyline.h; sourceTree = SOURCE_ROOT; };
		E42963522163EDD300A6A9E2 /* ofGraphicsBaseTypes.cpp */ = {isa = PBXFileReference; lastKnownFileType = sourcecode.cpp.cpp; name = ofGraphicsBaseTypes.cpp; path = ../../../libs/openFrameworks/graphics/ofGraphicsBaseTypes.cpp; sourceTree = SOURCE_ROOT; };
		E42963532163EDD300A6A9E2 /* ofCairoRenderer.cpp */ = {isa = PBXFileReference; lastKnownFileType = sourcecode.cpp.cpp; name = ofCairoRenderer.cpp; path = ../../../libs/openFrameworks/graphics/ofCairoRenderer.cpp; sourceTree = SOURCE_ROOT; };
		E42963542163EDD300A6A9E2 /* ofRendererCollection.cpp */ = {isa = PBXFileReference; lastKnownFileType = sourcecode.cpp.cpp; name = ofRendererCollection.cpp; path = ../../../libs/openFrameworks/graphics/ofRendererCollection.cpp; sourceTree = SOURCE_ROOT; };
		E42963552163EDD300A6A9E2 /* ofPath.cpp */ = {isa = PBXFileReference; lastKnownFileType = sourcecode.cpp.cpp; name = ofPath.cpp; path = ../../../libs/openFrameworks/graphics/ofPath.cpp; sourceTree = SOURCE_ROOT; };
		E42963562163EDD300A6A9E2 /* ofPixels.cpp */ = {isa = PBXFileReference; lastKnownFileType = sourcecode.cpp.cpp; name = ofPixels.cpp; path = ../../../libs/openFrameworks/graphics/ofPixels.cpp; sourceTree = SOURCE_ROOT; };
		E42963572163EDD300A6A9E2 /* ofPolyline.inl */ = {isa = PBXFileReference; lastKnownFileType = text; name = ofPolyline.inl; path = ../../../libs/openFrameworks/graphics/ofPolyline.inl; sourceTree = SOURCE_ROOT; };
		E42963582163EDD300A6A9E2 /* of3dGraphics.cpp */ = {isa = PBXFileReference; lastKnownFileType = sourcecode.cpp.cpp; name = of3dGraphics.cpp; path = ../../../libs/openFrameworks/graphics/of3dGraphics.cpp; sourceTree = SOURCE_ROOT; };
		E42963592163EDD300A6A9E2 /* ofImage.h */ = {isa = PBXFileReference; lastKnownFileType = sourcecode.c.h; name = ofImage.h; path = ../../../libs/openFrameworks/graphics/ofImage.h; sourceTree = SOURCE_ROOT; };
		E429635A2163EDD300A6A9E2 /* ofPixels.h */ = {isa = PBXFileReference; lastKnownFileType = sourcecode.c.h; name = ofPixels.h; path = ../../../libs/openFrameworks/graphics/ofPixels.h; sourceTree = SOURCE_ROOT; };
		E429635B2163EDD300A6A9E2 /* ofCairoRenderer.h */ = {isa = PBXFileReference; lastKnownFileType = sourcecode.c.h; name = ofCairoRenderer.h; path = ../../../libs/openFrameworks/graphics/ofCairoRenderer.h; sourceTree = SOURCE_ROOT; };
		E429635C2163EDD300A6A9E2 /* ofBitmapFont.h */ = {isa = PBXFileReference; lastKnownFileType = sourcecode.c.h; name = ofBitmapFont.h; path = ../../../libs/openFrameworks/graphics/ofBitmapFont.h; sourceTree = SOURCE_ROOT; };
		E429635D2163EDD300A6A9E2 /* ofTrueTypeFont.cpp */ = {isa = PBXFileReference; lastKnownFileType = sourcecode.cpp.cpp; name = ofTrueTypeFont.cpp; path = ../../../libs/openFrameworks/graphics/ofTrueTypeFont.cpp; sourceTree = SOURCE_ROOT; };
		E429635E2163EDD300A6A9E2 /* ofRendererCollection.h */ = {isa = PBXFileReference; lastKnownFileType = sourcecode.c.h; name = ofRendererCollection.h; path = ../../../libs/openFrameworks/graphics/ofRendererCollection.h; sourceTree = SOURCE_ROOT; };
		E429635F2163EDD300A6A9E2 /* ofGraphics.h */ = {isa = PBXFileReference; lastKnownFileType = sourcecode.c.h; name = ofGraphics.h; path = ../../../libs/openFrameworks/graphics/ofGraphics.h; sourceTree = SOURCE_ROOT; };
		E42963602163EDD300A6A9E2 /* ofGraphicsConstants.h */ = {isa = PBXFileReference; lastKnownFileType = sourcecode.c.h; name = ofGraphicsConstants.h; path = ../../../libs/openFrameworks/graphics/ofGraphicsConstants.h; sourceTree = SOURCE_ROOT; };
		E42963612163EDD300A6A9E2 /* ofImage.cpp */ = {isa = PBXFileReference; lastKnownFileType = sourcecode.cpp.cpp; name = ofImage.cpp; path = ../../../libs/openFrameworks/graphics/ofImage.cpp; sourceTree = SOURCE_ROOT; };
		E42963622163EDD300A6A9E2 /* of3dGraphics.h */ = {isa = PBXFileReference; lastKnownFileType = sourcecode.c.h; name = of3dGraphics.h; path = ../../../libs/openFrameworks/graphics/of3dGraphics.h; sourceTree = SOURCE_ROOT; };
		E42963632163EDD300A6A9E2 /* ofTessellator.h */ = {isa = PBXFileReference; lastKnownFileType = sourcecode.c.h; name = ofTessellator.h; path = ../../../libs/openFrameworks/graphics/ofTessellator.h; sourceTree = SOURCE_ROOT; };
		E42963652163EDD300A6A9E2 /* ofSoundStream.cpp */ = {isa = PBXFileReference; lastKnownFileType = sourcecode.cpp.cpp; name = ofSoundStream.cpp; path = ../../../libs/openFrameworks/sound/ofSoundStream.cpp; sourceTree = SOURCE_ROOT; };
		E42963662163EDD300A6A9E2 /* ofSoundStream.h */ = {isa = PBXFileReference; lastKnownFileType = sourcecode.c.h; name = ofSoundStream.h; path = ../../../libs/openFrameworks/sound/ofSoundStream.h; sourceTree = SOURCE_ROOT; };
		E42963672163EDD300A6A9E2 /* ofSoundPlayer.h */ = {isa = PBXFileReference; lastKnownFileType = sourcecode.c.h; name = ofSoundPlayer.h; path = ../../../libs/openFrameworks/sound/ofSoundPlayer.h; sourceTree = SOURCE_ROOT; };
		E42963682163EDD300A6A9E2 /* ofOpenALSoundPlayer.h */ = {isa = PBXFileReference; lastKnownFileType = sourcecode.c.h; name = ofOpenALSoundPlayer.h; path = ../../../libs/openFrameworks/sound/ofOpenALSoundPlayer.h; sourceTree = SOURCE_ROOT; };
		E42963692163EDD300A6A9E2 /* ofRtAudioSoundStream.cpp */ = {isa = PBXFileReference; lastKnownFileType = sourcecode.cpp.cpp; name = ofRtAudioSoundStream.cpp; path = ../../../libs/openFrameworks/sound/ofRtAudioSoundStream.cpp; sourceTree = SOURCE_ROOT; };
		E429636A2163EDD300A6A9E2 /* ofFmodSoundPlayer.cpp */ = {isa = PBXFileReference; lastKnownFileType = sourcecode.cpp.cpp; name = ofFmodSoundPlayer.cpp; path = ../../../libs/openFrameworks/sound/ofFmodSoundPlayer.cpp; sourceTree = SOURCE_ROOT; };
		E429636B2163EDD300A6A9E2 /* ofSoundBaseTypes.cpp */ = {isa = PBXFileReference; lastKnownFileType = sourcecode.cpp.cpp; name = ofSoundBaseTypes.cpp; path = ../../../libs/openFrameworks/sound/ofSoundBaseTypes.cpp; sourceTree = SOURCE_ROOT; };
		E429636C2163EDD300A6A9E2 /* ofOpenALSoundPlayer.cpp */ = {isa = PBXFileReference; lastKnownFileType = sourcecode.cpp.cpp; name = ofOpenALSoundPlayer.cpp; path = ../../../libs/openFrameworks/sound/ofOpenALSoundPlayer.cpp; sourceTree = SOURCE_ROOT; };
		E429636D2163EDD300A6A9E2 /* ofSoundPlayer.cpp */ = {isa = PBXFileReference; lastKnownFileType = sourcecode.cpp.cpp; name = ofSoundPlayer.cpp; path = ../../../libs/openFrameworks/sound/ofSoundPlayer.cpp; sourceTree = SOURCE_ROOT; };
		E429636E2163EDD300A6A9E2 /* ofRtAudioSoundStream.h */ = {isa = PBXFileReference; lastKnownFileType = sourcecode.c.h; name = ofRtAudioSoundStream.h; path = ../../../libs/openFrameworks/sound/ofRtAudioSoundStream.h; sourceTree = SOURCE_ROOT; };
		E429636F2163EDD300A6A9E2 /* ofSoundUtils.h */ = {isa = PBXFileReference; lastKnownFileType = sourcecode.c.h; name = ofSoundUtils.h; path = ../../../libs/openFrameworks/sound/ofSoundUtils.h; sourceTree = SOURCE_ROOT; };
		E42963702163EDD300A6A9E2 /* ofSoundBuffer.h */ = {isa = PBXFileReference; lastKnownFileType = sourcecode.c.h; name = ofSoundBuffer.h; path = ../../../libs/openFrameworks/sound/ofSoundBuffer.h; sourceTree = SOURCE_ROOT; };
		E42963712163EDD300A6A9E2 /* ofFmodSoundPlayer.h */ = {isa = PBXFileReference; lastKnownFileType = sourcecode.c.h; name = ofFmodSoundPlayer.h; path = ../../../libs/openFrameworks/sound/ofFmodSoundPlayer.h; sourceTree = SOURCE_ROOT; };
		E42963722163EDD300A6A9E2 /* ofSoundBuffer.cpp */ = {isa = PBXFileReference; lastKnownFileType = sourcecode.cpp.cpp; name = ofSoundBuffer.cpp; path = ../../../libs/openFrameworks/sound/ofSoundBuffer.cpp; sourceTree = SOURCE_ROOT; };
		E42963732163EDD300A6A9E2 /* ofSoundBaseTypes.h */ = {isa = PBXFileReference; lastKnownFileType = sourcecode.c.h; name = ofSoundBaseTypes.h; path = ../../../libs/openFrameworks/sound/ofSoundBaseTypes.h; sourceTree = SOURCE_ROOT; };
		E4B69B5B0A3A1756003C02F2 /* boidtest2Debug.app */ = {isa = PBXFileReference; explicitFileType = wrapper.application; includeInIndex = 0; path = boidtest2Debug.app; sourceTree = BUILT_PRODUCTS_DIR; };
		E4B69E1D0A3A1BDC003C02F2 /* main.cpp */ = {isa = PBXFileReference; fileEncoding = 4; lastKnownFileType = sourcecode.cpp.cpp; name = main.cpp; path = src/main.cpp; sourceTree = SOURCE_ROOT; };
		E4B6FCAD0C3E899E008CF71C /* openFrameworks-Info.plist */ = {isa = PBXFileReference; fileEncoding = 4; lastKnownFileType = text.plist.xml; path = "openFrameworks-Info.plist"; sourceTree = "<group>"; };
		E4EB6923138AFD0F00A09F29 /* Project.xcconfig */ = {isa = PBXFileReference; fileEncoding = 4; lastKnownFileType = text.xcconfig; path = Project.xcconfig; sourceTree = "<group>"; };
		E6DEF695B88BA5FAACEAA937 /* UdpSocket.cpp */ = {isa = PBXFileReference; explicitFileType = sourcecode.cpp.cpp; fileEncoding = 4; name = UdpSocket.cpp; path = ../../../addons/ofxOsc/libs/oscpack/src/ip/posix/UdpSocket.cpp; sourceTree = SOURCE_ROOT; };
		ECF8674C7975F1063C5E30CA /* ofxGuiGroup.cpp */ = {isa = PBXFileReference; explicitFileType = sourcecode.cpp.cpp; fileEncoding = 4; name = ofxGuiGroup.cpp; path = ../../../addons/ofxGui/src/ofxGuiGroup.cpp; sourceTree = SOURCE_ROOT; };
		EFA729F2F65D97F65DB52E44 /* maxiFFT.h */ = {isa = PBXFileReference; explicitFileType = sourcecode.c.h; fileEncoding = 4; name = maxiFFT.h; path = ../../../addons/ofxMaxim/libs/maxiFFT.h; sourceTree = SOURCE_ROOT; };
		F3C78E7AB53E01022E9374A3 /* fft.cpp */ = {isa = PBXFileReference; explicitFileType = sourcecode.cpp.cpp; fileEncoding = 4; name = fft.cpp; path = ../../../addons/ofxMaxim/libs/fft.cpp; sourceTree = SOURCE_ROOT; };
		F4F5B6B8BA2BD52C646ED908 /* OscException.h */ = {isa = PBXFileReference; explicitFileType = sourcecode.c.h; fileEncoding = 4; name = OscException.h; path = ../../../addons/ofxOsc/libs/oscpack/src/osc/OscException.h; sourceTree = SOURCE_ROOT; };
		F7FBC56859535E597B24BB91 /* NetworkingUtils.h */ = {isa = PBXFileReference; explicitFileType = sourcecode.c.h; fileEncoding = 4; name = NetworkingUtils.h; path = ../../../addons/ofxOsc/libs/oscpack/src/ip/NetworkingUtils.h; sourceTree = SOURCE_ROOT; };
/* End PBXFileReference section */

/* Begin PBXFrameworksBuildPhase section */
		E4B69B590A3A1756003C02F2 /* Frameworks */ = {
			isa = PBXFrameworksBuildPhase;
			buildActionMask = 2147483647;
			files = (
			);
			runOnlyForDeploymentPostprocessing = 0;
		};
/* End PBXFrameworksBuildPhase section */

/* Begin PBXGroup section */
		0F437E4761003E66B16524BE /* libs */ = {
			isa = PBXGroup;
			children = (
				34BF591C646B5F6EF968D620 /* CreEPS.cpp */,
				A852AD3A75FDFD790A24855A /* CreEPS.hpp */,
				11D7A477920A2054FD49C2D2 /* CreEPS_Types.hpp */,
			);
			name = libs;
			sourceTree = "<group>";
		};
		30CB364908817057B430D528 /* osc */ = {
			isa = PBXGroup;
			children = (
				AE335EB4709BFD4671EEAC84 /* MessageMappingOscPacketListener.h */,
				F4F5B6B8BA2BD52C646ED908 /* OscException.h */,
				A2AAA8CA403479E6FCDF920E /* OscHostEndianness.h */,
				63A47AC60FFAFC3BF093EC0F /* OscOutboundPacketStream.cpp */,
				029684CF678F70F6D3537A29 /* OscOutboundPacketStream.h */,
				6B65E6930994CC4B2D2B8B33 /* OscPacketListener.h */,
				BC8881B3C8C0A1C45F042E7A /* OscPrintReceivedElements.cpp */,
				4E95FB446A9C9C6F0DE12D75 /* OscPrintReceivedElements.h */,
				9BF3AA0D4FAA89D0F8A0E545 /* OscReceivedElements.cpp */,
				20F35AFADAF0068B067E713F /* OscReceivedElements.h */,
				D9BFFBBF4CC43DEE890B3C3E /* OscTypes.cpp */,
				C6937888E126BADC8777423B /* OscTypes.h */,
			);
			name = osc;
			sourceTree = "<group>";
		};
		3801B04C72ADFE74ED284693 /* src */ = {
			isa = PBXGroup;
			children = (
				318ABED90EADFB757FFDCCAF /* ofxVectorGraphics.cpp */,
				D4DDC483DAD2C0353077AF28 /* ofxVectorGraphics.h */,
			);
			name = src;
			sourceTree = "<group>";
		};
		38871A5825686AE018EC2BF0 /* libs */ = {
			isa = PBXGroup;
			children = (
				86D2677079A3AF4A5A88E29A /* oscpack */,
			);
			name = libs;
			sourceTree = "<group>";
		};
		480A780D8D0308AE4A368801 /* ofxGui */ = {
			isa = PBXGroup;
			children = (
				A763ED608B35AE3310251DEE /* src */,
			);
			name = ofxGui;
			sourceTree = "<group>";
		};
		4ACC32F17B7623DA048865D1 /* libs */ = {
			isa = PBXGroup;
			children = (
				F3C78E7AB53E01022E9374A3 /* fft.cpp */,
				BA5114869056DFF1A50CFA4A /* fft.h */,
				1EFA3ACBB8D16CC0DA1E79C6 /* maxiAtoms.cpp */,
				7D2CBAA6529BCE46CA661E02 /* maxiAtoms.h */,
				9B9936002B519C1290F25FEC /* maxiBark.cpp */,
				A67372B9CAED43269F8D42D3 /* maxiBark.h */,
				6A4EE0E35ED739A31CD0153E /* maxiFFT.cpp */,
				EFA729F2F65D97F65DB52E44 /* maxiFFT.h */,
				9D2FB19B70632A6F86622D94 /* maxiGrains.cpp */,
				4CFB659E40D3D3DC5A3E9478 /* maxiGrains.h */,
				440B2B891BD019685EF360B8 /* maxiMFCC.cpp */,
				D1C864AE2FE539BE7FD1F628 /* maxiMFCC.h */,
				87D3A0051CCB2C0F0ECA139E /* maximilian.cpp */,
				95C3AC11BE0AC7EC464D2A36 /* maximilian.h */,
				B34D3539DB6F889A78540F7C /* sineTable.h */,
				80CD68E0DDF2C60D2715CC78 /* stb_vorbis.c */,
				B2F326FA07783558EF3CDD2A /* stb_vorbis.h */,
			);
			name = libs;
			sourceTree = "<group>";
		};
		6234D3BCE87D1C3BA2230F19 /* ofxMaxim */ = {
			isa = PBXGroup;
			children = (
				4ACC32F17B7623DA048865D1 /* libs */,
				8F6BFB59AB6D0A458C2F3C53 /* src */,
			);
			name = ofxMaxim;
			sourceTree = "<group>";
		};
		641362CA659FAFEE4E81001B /* posix */ = {
			isa = PBXGroup;
			children = (
				3B361208CD4107E479F04E7B /* NetworkingUtils.cpp */,
				E6DEF695B88BA5FAACEAA937 /* UdpSocket.cpp */,
			);
			name = posix;
			sourceTree = "<group>";
		};
		6948EE371B920CB800B5AC1A /* local_addons */ = {
			isa = PBXGroup;
			children = (
			);
			name = local_addons;
			sourceTree = "<group>";
		};
		86D2677079A3AF4A5A88E29A /* oscpack */ = {
			isa = PBXGroup;
			children = (
				D27B2221A225CA523C019676 /* src */,
			);
			name = oscpack;
			sourceTree = "<group>";
		};
		8F6BFB59AB6D0A458C2F3C53 /* src */ = {
			isa = PBXGroup;
			children = (
				9312F3864ED05FC3E847FF69 /* ofxMaxim.h */,
			);
			name = src;
			sourceTree = "<group>";
		};
		916B8DF9E7519F5BB8A2990B /* ofxVectorGraphics */ = {
			isa = PBXGroup;
			children = (
				0F437E4761003E66B16524BE /* libs */,
				3801B04C72ADFE74ED284693 /* src */,
			);
			name = ofxVectorGraphics;
			sourceTree = "<group>";
		};
		A763ED608B35AE3310251DEE /* src */ = {
			isa = PBXGroup;
			children = (
				9604B925D32EE39065747725 /* ofxBaseGui.cpp */,
				87F26B4B24CBD428AD9EEBAA /* ofxBaseGui.h */,
				C88333E71C9457E441C33474 /* ofxButton.cpp */,
				2834D88A62CD23F3DE2C47D1 /* ofxButton.h */,
				181D363B6DD54D1FA6309C43 /* ofxColorPicker.cpp */,
				489B196944B06ADC2A071076 /* ofxColorPicker.h */,
				17E65988300FBD9AAA2CD0CA /* ofxGui.h */,
				ECF8674C7975F1063C5E30CA /* ofxGuiGroup.cpp */,
				1C0DA2561397A7DE0246858B /* ofxGuiGroup.h */,
				BA274EC7A169D538BD43A5D8 /* ofxGuiUtils.h */,
				44B351490B620D04E1E7C52D /* ofxInputField.cpp */,
				AE68B54581BE4A1DAE853180 /* ofxInputField.h */,
				78D67A00EB899FAC09430597 /* ofxLabel.cpp */,
				B87C60311EC1FE841C1ECD89 /* ofxLabel.h */,
				E112B3AEBEA2C091BF2B40AE /* ofxPanel.cpp */,
				89449E3044D456F7DE7BEA14 /* ofxPanel.h */,
				15F2C6477A769C03A56D1401 /* ofxSlider.cpp */,
				52AFA1F08C420992CAAAE648 /* ofxSlider.h */,
				802251BAF1B35B1D67B32FD0 /* ofxSliderGroup.cpp */,
				C70D8946940288799E82131E /* ofxSliderGroup.h */,
				907C5B5E104864A2D3A25745 /* ofxToggle.cpp */,
				0A1DAC09F322AE313A40706D /* ofxToggle.h */,
			);
			name = src;
			sourceTree = "<group>";
		};
		BB4B014C10F69532006C3DED /* addons */ = {
			isa = PBXGroup;
			children = (
				480A780D8D0308AE4A368801 /* ofxGui */,
				6234D3BCE87D1C3BA2230F19 /* ofxMaxim */,
				E6053AB7FEC63D5F83825B88 /* ofxOsc */,
				916B8DF9E7519F5BB8A2990B /* ofxVectorGraphics */,
			);
			name = addons;
			sourceTree = "<group>";
		};
		BD2F1A9F8D0C05EDB29122D0 /* src */ = {
			isa = PBXGroup;
			children = (
				00D6D32B84B099226431108C /* ofxOsc.h */,
				7689F8A0F3D0B7635A8C3104 /* ofxOscArg.h */,
				65EEFA3DA3526E9CDD9C21F9 /* ofxOscBundle.cpp */,
				8B30E93FD3D3475EED522A0E /* ofxOscBundle.h */,
				DF49D76C45D5DB505A234880 /* ofxOscMessage.cpp */,
				C58862C6D212C8E8A83810F4 /* ofxOscMessage.h */,
				0AED834CE4DEC5260AF302A2 /* ofxOscParameterSync.cpp */,
				B31C608870ECEB2490A93736 /* ofxOscParameterSync.h */,
				C2FAC65C491D4231379F3298 /* ofxOscReceiver.cpp */,
				8C75AFC8774A62495DD53464 /* ofxOscReceiver.h */,
				81967292BFC87A0144BD32C6 /* ofxOscSender.cpp */,
				9F7986DC4EB05E75FCE2C777 /* ofxOscSender.h */,
			);
			name = src;
			sourceTree = "<group>";
		};
		D27B2221A225CA523C019676 /* src */ = {
			isa = PBXGroup;
			children = (
				FF8CDF57858E9B94E3237115 /* ip */,
				30CB364908817057B430D528 /* osc */,
			);
			name = src;
			sourceTree = "<group>";
		};
		E42962AA2163EDD300A6A9E2 /* openFrameworks */ = {
			isa = PBXGroup;
			children = (
				E42962AB2163EDD300A6A9E2 /* 3d */,
				E42962E72163EDD300A6A9E2 /* app */,
				E42963402163EDD300A6A9E2 /* communication */,
				E42963452163EDD300A6A9E2 /* events */,
				E42963252163EDD300A6A9E2 /* gl */,
				E429634A2163EDD300A6A9E2 /* graphics */,
				E42963132163EDD300A6A9E2 /* math */,
				E42962F92163EDD300A6A9E2 /* ofMain.h */,
				E42963642163EDD300A6A9E2 /* sound */,
				E42962DA2163EDD300A6A9E2 /* types */,
				E42962FA2163EDD300A6A9E2 /* utils */,
				E42962B82163EDD300A6A9E2 /* video */,
			);
			name = openFrameworks;
			path = ../../../libs/openFrameworks;
			sourceTree = "<group>";
		};
		E42962AB2163EDD300A6A9E2 /* 3d */ = {
			isa = PBXGroup;
			children = (
				E42962B02163EDD300A6A9E2 /* of3dPrimitives.cpp */,
				E42962B62163EDD300A6A9E2 /* of3dPrimitives.h */,
				E42962B52163EDD300A6A9E2 /* of3dUtils.cpp */,
				E42962B12163EDD300A6A9E2 /* of3dUtils.h */,
				E42962AC2163EDD300A6A9E2 /* ofCamera.cpp */,
				E42962B32163EDD300A6A9E2 /* ofCamera.h */,
				E42962B22163EDD300A6A9E2 /* ofEasyCam.cpp */,
				E42962B72163EDD300A6A9E2 /* ofEasyCam.h */,
				E42962AD2163EDD300A6A9E2 /* ofMesh.h */,
				E42962B42163EDD300A6A9E2 /* ofMesh.inl */,
				E42962AF2163EDD300A6A9E2 /* ofNode.cpp */,
				E42962AE2163EDD300A6A9E2 /* ofNode.h */,
			);
			name = 3d;
			path = ../../../libs/openFrameworks/3d;
			sourceTree = SOURCE_ROOT;
		};
		E42962B82163EDD300A6A9E2 /* video */ = {
			isa = PBXGroup;
			children = (
				E42962BA2163EDD300A6A9E2 /* ofAVFoundationGrabber.h */,
				E42962C22163EDD300A6A9E2 /* ofAVFoundationGrabber.mm */,
				E42962BC2163EDD300A6A9E2 /* ofAVFoundationPlayer.h */,
				E42962CE2163EDD300A6A9E2 /* ofAVFoundationPlayer.mm */,
				E42962C12163EDD300A6A9E2 /* ofAVFoundationVideoPlayer.h */,
				E42962D72163EDD300A6A9E2 /* ofAVFoundationVideoPlayer.m */,
				E42962D92163EDD300A6A9E2 /* ofVideoBaseTypes.h */,
				E42962D02163EDD300A6A9E2 /* ofVideoGrabber.cpp */,
				E42962CA2163EDD300A6A9E2 /* ofVideoGrabber.h */,
				E42962C42163EDD300A6A9E2 /* ofVideoPlayer.cpp */,
				E42962BB2163EDD300A6A9E2 /* ofVideoPlayer.h */,
			);
			name = video;
			path = ../../../libs/openFrameworks/video;
			sourceTree = SOURCE_ROOT;
		};
		E42962DA2163EDD300A6A9E2 /* types */ = {
			isa = PBXGroup;
			children = (
				E42962E12163EDD300A6A9E2 /* ofBaseTypes.cpp */,
				E42962E62163EDD300A6A9E2 /* ofBaseTypes.h */,
				E42962E42163EDD300A6A9E2 /* ofColor.cpp */,
				E42962DC2163EDD300A6A9E2 /* ofColor.h */,
				E42962E52163EDD300A6A9E2 /* ofParameter.cpp */,
				E42962E32163EDD300A6A9E2 /* ofParameter.h */,
				E42962E22163EDD300A6A9E2 /* ofParameterGroup.cpp */,
				E42962DB2163EDD300A6A9E2 /* ofParameterGroup.h */,
				E42962DE2163EDD300A6A9E2 /* ofPoint.h */,
				E42962DD2163EDD300A6A9E2 /* ofRectangle.cpp */,
				E42962E02163EDD300A6A9E2 /* ofRectangle.h */,
				E42962DF2163EDD300A6A9E2 /* ofTypes.h */,
			);
			name = types;
			path = ../../../libs/openFrameworks/types;
			sourceTree = SOURCE_ROOT;
		};
		E42962E72163EDD300A6A9E2 /* app */ = {
			isa = PBXGroup;
			children = (
				E42962ED2163EDD300A6A9E2 /* ofAppBaseWindow.h */,
				E42962EC2163EDD300A6A9E2 /* ofAppEGLWindow.cpp */,
				E42962F12163EDD300A6A9E2 /* ofAppEGLWindow.h */,
				E42962F52163EDD300A6A9E2 /* ofAppGLFWWindow.cpp */,
				E42962F82163EDD300A6A9E2 /* ofAppGLFWWindow.h */,
				E42962EA2163EDD300A6A9E2 /* ofAppGlutWindow.cpp */,
				E42962F62163EDD300A6A9E2 /* ofAppGlutWindow.h */,
				E42962F42163EDD300A6A9E2 /* ofAppNoWindow.cpp */,
				E42962EF2163EDD300A6A9E2 /* ofAppNoWindow.h */,
				E42962F72163EDD300A6A9E2 /* ofAppRunner.cpp */,
				E42962F32163EDD300A6A9E2 /* ofAppRunner.h */,
				E42962E92163EDD300A6A9E2 /* ofBaseApp.cpp */,
				E42962F02163EDD300A6A9E2 /* ofBaseApp.h */,
				E42962EE2163EDD300A6A9E2 /* ofIcon.h */,
				E42962F22163EDD300A6A9E2 /* ofMainLoop.cpp */,
				E42962E82163EDD300A6A9E2 /* ofMainLoop.h */,
				E42962EB2163EDD300A6A9E2 /* ofWindowSettings.h */,
			);
			name = app;
			path = ../../../libs/openFrameworks/app;
			sourceTree = SOURCE_ROOT;
		};
		E42962FA2163EDD300A6A9E2 /* utils */ = {
			isa = PBXGroup;
			children = (
				E42962FF2163EDD300A6A9E2 /* ofConstants.h */,
				E429630D2163EDD300A6A9E2 /* ofFileUtils.cpp */,
				E42963092163EDD300A6A9E2 /* ofFileUtils.h */,
				E42962FD2163EDD300A6A9E2 /* ofFpsCounter.cpp */,
				E42963012163EDD300A6A9E2 /* ofFpsCounter.h */,
				E429630C2163EDD300A6A9E2 /* ofJson.h */,
				E42963072163EDD300A6A9E2 /* ofLog.cpp */,
				E42963022163EDD300A6A9E2 /* ofLog.h */,
				E429630E2163EDD300A6A9E2 /* ofMatrixStack.cpp */,
				E42963112163EDD300A6A9E2 /* ofMatrixStack.h */,
				E42963062163EDD300A6A9E2 /* ofNoise.h */,
				E42963042163EDD300A6A9E2 /* ofSystemUtils.cpp */,
				E42963032163EDD300A6A9E2 /* ofSystemUtils.h */,
				E42962FC2163EDD300A6A9E2 /* ofThread.cpp */,
				E429630A2163EDD300A6A9E2 /* ofThread.h */,
				E42962FB2163EDD300A6A9E2 /* ofThreadChannel.h */,
				E42963082163EDD300A6A9E2 /* ofTimer.cpp */,
				E42963122163EDD300A6A9E2 /* ofTimer.h */,
				E42962FE2163EDD300A6A9E2 /* ofURLFileLoader.cpp */,
				E429630B2163EDD300A6A9E2 /* ofURLFileLoader.h */,
				E429630F2163EDD300A6A9E2 /* ofUtils.cpp */,
				E42963052163EDD300A6A9E2 /* ofUtils.h */,
				E42963102163EDD300A6A9E2 /* ofXml.cpp */,
				E42963002163EDD300A6A9E2 /* ofXml.h */,
			);
			name = utils;
			path = ../../../libs/openFrameworks/utils;
			sourceTree = SOURCE_ROOT;
		};
		E42963132163EDD300A6A9E2 /* math */ = {
			isa = PBXGroup;
			children = (
				E42963172163EDD300A6A9E2 /* ofMath.cpp */,
				E429631C2163EDD300A6A9E2 /* ofMath.h */,
				E42963182163EDD300A6A9E2 /* ofMathConstants.h */,
				E429631B2163EDD300A6A9E2 /* ofMatrix3x3.cpp */,
				E42963222163EDD300A6A9E2 /* ofMatrix3x3.h */,
				E42963212163EDD300A6A9E2 /* ofMatrix4x4.cpp */,
				E42963192163EDD300A6A9E2 /* ofMatrix4x4.h */,
				E429631F2163EDD300A6A9E2 /* ofQuaternion.cpp */,
				E429631D2163EDD300A6A9E2 /* ofQuaternion.h */,
				E42963142163EDD300A6A9E2 /* ofVec2f.cpp */,
				E42963202163EDD300A6A9E2 /* ofVec2f.h */,
				E429631A2163EDD300A6A9E2 /* ofVec3f.h */,
				E42963152163EDD300A6A9E2 /* ofVec4f.cpp */,
				E42963162163EDD300A6A9E2 /* ofVec4f.h */,
				E429631E2163EDD300A6A9E2 /* ofVectorMath.h */,
			);
			name = math;
			path = ../../../libs/openFrameworks/math;
			sourceTree = SOURCE_ROOT;
		};
		E42963252163EDD300A6A9E2 /* gl */ = {
			isa = PBXGroup;
			children = (
				E429632E2163EDD300A6A9E2 /* ofBufferObject.cpp */,
				E42963332163EDD300A6A9E2 /* ofBufferObject.h */,
				2E49891E292C98D80096EC56 /* ofCubeMap.cpp */,
				2E49891D292C98D80096EC56 /* ofCubeMap.h */,
				2E49891F292C98D80096EC56 /* ofCubeMapShaders.h */,
				E429632A2163EDD300A6A9E2 /* ofFbo.cpp */,
				E42963382163EDD300A6A9E2 /* ofFbo.h */,
				E42963392163EDD300A6A9E2 /* ofGLBaseTypes.h */,
				E42963342163EDD300A6A9E2 /* ofGLProgrammableRenderer.cpp */,
				E429633B2163EDD300A6A9E2 /* ofGLProgrammableRenderer.h */,
				E429633E2163EDD300A6A9E2 /* ofGLRenderer.cpp */,
				E429633F2163EDD300A6A9E2 /* ofGLRenderer.h */,
				E42963302163EDD300A6A9E2 /* ofGLUtils.cpp */,
				E429633D2163EDD300A6A9E2 /* ofGLUtils.h */,
				E42963322163EDD300A6A9E2 /* ofLight.cpp */,
				E429632B2163EDD300A6A9E2 /* ofLight.h */,
				2E4D30BE28F5B7330074D450 /* ofShadow.cpp */,
				2E4D30BD28F5B7330074D450 /* ofShadow.h */,
				E42963292163EDD300A6A9E2 /* ofMaterial.cpp */,
				E429632C2163EDD300A6A9E2 /* ofMaterial.h */,
				E429632D2163EDD300A6A9E2 /* ofShader.cpp */,
				E42963282163EDD300A6A9E2 /* ofShader.h */,
				E429633C2163EDD300A6A9E2 /* ofTexture.cpp */,
				E42963272163EDD300A6A9E2 /* ofTexture.h */,
				E429633A2163EDD300A6A9E2 /* ofVbo.cpp */,
				E42963312163EDD300A6A9E2 /* ofVbo.h */,
				E429632F2163EDD300A6A9E2 /* ofVboMesh.cpp */,
				E42963262163EDD300A6A9E2 /* ofVboMesh.h */,
			);
			name = gl;
			path = ../../../libs/openFrameworks/gl;
			sourceTree = SOURCE_ROOT;
		};
		E42963402163EDD300A6A9E2 /* communication */ = {
			isa = PBXGroup;
			children = (
				E42963442163EDD300A6A9E2 /* ofArduino.cpp */,
				E42963412163EDD300A6A9E2 /* ofArduino.h */,
				E42963422163EDD300A6A9E2 /* ofSerial.cpp */,
				E42963432163EDD300A6A9E2 /* ofSerial.h */,
			);
			name = communication;
			path = ../../../libs/openFrameworks/communication;
			sourceTree = SOURCE_ROOT;
		};
		E42963452163EDD300A6A9E2 /* events */ = {
			isa = PBXGroup;
			children = (
				E42963472163EDD300A6A9E2 /* ofEvent.h */,
				E42963492163EDD300A6A9E2 /* ofEvents.cpp */,
				E42963482163EDD300A6A9E2 /* ofEvents.h */,
				E42963462163EDD300A6A9E2 /* ofEventUtils.h */,
			);
			name = events;
			path = ../../../libs/openFrameworks/events;
			sourceTree = SOURCE_ROOT;
		};
		E429634A2163EDD300A6A9E2 /* graphics */ = {
			isa = PBXGroup;
			children = (
				E42963582163EDD300A6A9E2 /* of3dGraphics.cpp */,
				E42963622163EDD300A6A9E2 /* of3dGraphics.h */,
				E429634D2163EDD300A6A9E2 /* ofBitmapFont.cpp */,
				E429635C2163EDD300A6A9E2 /* ofBitmapFont.h */,
				E42963532163EDD300A6A9E2 /* ofCairoRenderer.cpp */,
				E429635B2163EDD300A6A9E2 /* ofCairoRenderer.h */,
				E42963502163EDD300A6A9E2 /* ofGraphics.cpp */,
				E429635F2163EDD300A6A9E2 /* ofGraphics.h */,
				E42963522163EDD300A6A9E2 /* ofGraphicsBaseTypes.cpp */,
				E429634B2163EDD300A6A9E2 /* ofGraphicsBaseTypes.h */,
				192E680F28E4D63A006F5C79 /* ofGraphicsCairo.cpp */,
				19451A8D28FF1A91008227CC /* ofGraphicsCairo.h */,
				E42963602163EDD300A6A9E2 /* ofGraphicsConstants.h */,
				E42963612163EDD300A6A9E2 /* ofImage.cpp */,
				E42963592163EDD300A6A9E2 /* ofImage.h */,
				E42963552163EDD300A6A9E2 /* ofPath.cpp */,
				E429634C2163EDD300A6A9E2 /* ofPath.h */,
				E42963562163EDD300A6A9E2 /* ofPixels.cpp */,
				E429635A2163EDD300A6A9E2 /* ofPixels.h */,
				E42963512163EDD300A6A9E2 /* ofPolyline.h */,
				E42963572163EDD300A6A9E2 /* ofPolyline.inl */,
				E42963542163EDD300A6A9E2 /* ofRendererCollection.cpp */,
				E429635E2163EDD300A6A9E2 /* ofRendererCollection.h */,
				E429634F2163EDD300A6A9E2 /* ofTessellator.cpp */,
				E42963632163EDD300A6A9E2 /* ofTessellator.h */,
				E429635D2163EDD300A6A9E2 /* ofTrueTypeFont.cpp */,
				E429634E2163EDD300A6A9E2 /* ofTrueTypeFont.h */,
			);
			name = graphics;
			path = ../../../libs/openFrameworks/graphics;
			sourceTree = SOURCE_ROOT;
		};
		E42963642163EDD300A6A9E2 /* sound */ = {
			isa = PBXGroup;
			children = (
				E429636A2163EDD300A6A9E2 /* ofFmodSoundPlayer.cpp */,
				E42963712163EDD300A6A9E2 /* ofFmodSoundPlayer.h */,
				E429636C2163EDD300A6A9E2 /* ofOpenALSoundPlayer.cpp */,
				E42963682163EDD300A6A9E2 /* ofOpenALSoundPlayer.h */,
				E42963692163EDD300A6A9E2 /* ofRtAudioSoundStream.cpp */,
				E429636E2163EDD300A6A9E2 /* ofRtAudioSoundStream.h */,
				E429636B2163EDD300A6A9E2 /* ofSoundBaseTypes.cpp */,
				E42963732163EDD300A6A9E2 /* ofSoundBaseTypes.h */,
				E42963722163EDD300A6A9E2 /* ofSoundBuffer.cpp */,
				E42963702163EDD300A6A9E2 /* ofSoundBuffer.h */,
				E429636D2163EDD300A6A9E2 /* ofSoundPlayer.cpp */,
				E42963672163EDD300A6A9E2 /* ofSoundPlayer.h */,
				E42963652163EDD300A6A9E2 /* ofSoundStream.cpp */,
				E42963662163EDD300A6A9E2 /* ofSoundStream.h */,
				E429636F2163EDD300A6A9E2 /* ofSoundUtils.h */,
			);
			name = sound;
			path = ../../../libs/openFrameworks/sound;
			sourceTree = SOURCE_ROOT;
		};
		E4B69B4A0A3A1720003C02F2 = {
			isa = PBXGroup;
			children = (
				191CD6FA2847E21E0085CBB6 /* of.entitlements */,
				E4B6FCAD0C3E899E008CF71C /* openFrameworks-Info.plist */,
				E4EB6923138AFD0F00A09F29 /* Project.xcconfig */,
				E4B69E1C0A3A1BDC003C02F2 /* src */,
				E42962AA2163EDD300A6A9E2 /* openFrameworks */,
				BB4B014C10F69532006C3DED /* addons */,
				6948EE371B920CB800B5AC1A /* local_addons */,
				E4B69B5B0A3A1756003C02F2 /* boidtest2Debug.app */,
			);
			sourceTree = "<group>";
		};
		E4B69E1C0A3A1BDC003C02F2 /* src */ = {
			isa = PBXGroup;
			children = (
				E4B69E1D0A3A1BDC003C02F2 /* main.cpp */,
				C15FEEBB29BA61A900A4B6CA /* boids.cpp */,
				C15FEEBC29BA61A900A4B6CA /* boids.h */,
				C15FEEBD29BA61A900A4B6CA /* testApp.cpp */,
				C15FEEBA29BA61A900A4B6CA /* testApp.h */,
			);
			path = src;
			sourceTree = SOURCE_ROOT;
		};
		E6053AB7FEC63D5F83825B88 /* ofxOsc */ = {
			isa = PBXGroup;
			children = (
				38871A5825686AE018EC2BF0 /* libs */,
				BD2F1A9F8D0C05EDB29122D0 /* src */,
			);
			name = ofxOsc;
			sourceTree = "<group>";
		};
		FF8CDF57858E9B94E3237115 /* ip */ = {
			isa = PBXGroup;
			children = (
				ADD194746185E2DA11468377 /* IpEndpointName.cpp */,
				48974F980F51769171D0B2F5 /* IpEndpointName.h */,
				F7FBC56859535E597B24BB91 /* NetworkingUtils.h */,
				23640F57DF6C4BB6BFC5DA4C /* PacketListener.h */,
				444657A12E59D0ED86981498 /* TimerListener.h */,
				2FD4B0329909D3527F003494 /* UdpSocket.h */,
				641362CA659FAFEE4E81001B /* posix */,
			);
			name = ip;
			sourceTree = "<group>";
		};
/* End PBXGroup section */

/* Begin PBXNativeTarget section */
		E4B69B5A0A3A1756003C02F2 /* boidtest2 */ = {
			isa = PBXNativeTarget;
			buildConfigurationList = E4B69B5F0A3A1757003C02F2 /* Build configuration list for PBXNativeTarget "boidtest2" */;
			buildPhases = (
				E42962A92163ECCD00A6A9E2 /* Run Script — Compile OF */,
				E4B69B580A3A1756003C02F2 /* Sources */,
				E4B69B590A3A1756003C02F2 /* Frameworks */,
				E4B6FFFD0C3F9AB9008CF71C /* Run Script — Copy Resources */,
				E4C2427710CC5ABF004149E2 /* CopyFiles */,
				8466F1851C04CA0E00918B1C /* Run Script — Bundle Data Folder */,
				19D6CF9228F07C000044A7EB /* Run Script — Code Sign */,
			);
			buildRules = (
			);
			dependencies = (
			);
			name = boidtest2;
			productName = myOFApp;
			productReference = E4B69B5B0A3A1756003C02F2 /* boidtest2Debug.app */;
			productType = "com.apple.product-type.application";
		};
/* End PBXNativeTarget section */

/* Begin PBXProject section */
		E4B69B4C0A3A1720003C02F2 /* Project object */ = {
			isa = PBXProject;
			attributes = {
				LastUpgradeCheck = 0600;
			};
			buildConfigurationList = E4B69B4D0A3A1720003C02F2 /* Build configuration list for PBXProject "boidtest2" */;
			compatibilityVersion = "Xcode 3.2";
			developmentRegion = en;
			hasScannedForEncodings = 0;
			knownRegions = (
				en,
				Base,
			);
			mainGroup = E4B69B4A0A3A1720003C02F2;
			productRefGroup = E4B69B4A0A3A1720003C02F2;
			projectDirPath = "";
			projectRoot = "";
			targets = (
				E4B69B5A0A3A1756003C02F2 /* boidtest2 */,
			);
		};
/* End PBXProject section */

/* Begin PBXShellScriptBuildPhase section */
		19D6CF9228F07C000044A7EB /* Run Script — Code Sign */ = {
			isa = PBXShellScriptBuildPhase;
			alwaysOutOfDate = 1;
			buildActionMask = 2147483647;
			files = (
			);
			inputFileListPaths = (
			);
			inputPaths = (
			);
			name = "Run Script — Code Sign";
			outputFileListPaths = (
			);
			outputPaths = (
			);
			runOnlyForDeploymentPostprocessing = 0;
			shellPath = /bin/sh;
			shellScript = "\nif [ -z \"$OF_CODESIGN\" ] ; then\n\techo \"Codesign Disabled\";\n#echo \"Note: Not copying bin/data to App Package or doing App Code signing. Use AppStore target for AppStore distribution\";\nelse\n\techo \"Codesign Enabled\";\n\n\t# ---- Code Sign App Package ----\n\t# WARNING: You may have to run Clean in Xcode after changing CODE_SIGN_IDENTITY!\n\n\t# Verify that $CODE_SIGN_IDENTITY is set\n\tif [ -z \"${CODE_SIGN_IDENTITY}\" ] ; then\n\t\techo \"CODE_SIGN_IDENTITY needs to be set for framework code-signing\"\n\t\texit 0\n\tfi\n\n\tif [ -z \"${CODE_SIGN_ENTITLEMENTS}\" ] ; then\n\t\techo \"CODE_SIGN_ENTITLEMENTS needs to be set for framework code-signing!\"\n\n\t\tif [ \"${CONFIGURATION}\" = \"Release\" ] ; then\n\t\t\texit 1\n\t\telse\n\t\t\t# Code-signing is optional for non-release builds.\n\t\t\texit 0\n\t\tfi\n\tfi\n\n\tITEMS=\"\"\n\n\tFRAMEWORKS_DIR=\"${TARGET_BUILD_DIR}/${FRAMEWORKS_FOLDER_PATH}\"\n\techo \"$FRAMEWORKS_DIR\"\n\tif [ -d \"$FRAMEWORKS_DIR\" ] ; then\n\t\tFRAMEWORKS=$(find \"${FRAMEWORKS_DIR}\" -depth -type d -name \"*.framework\" -or -name \"*.dylib\" -or -name \"*.bundle\" | sed -e \"s/\\(.*framework\\)/\\1\\/Versions\\/A\\//\")\n\t\tRESULT=$?\n\t\tif [[ $RESULT != 0 ]] ; then\n\t\t\texit 1\n\t\tfi\n\n\t\tITEMS=\"${FRAMEWORKS}\"\n\tfi\n\n\tLOGINITEMS_DIR=\"${TARGET_BUILD_DIR}/${CONTENTS_FOLDER_PATH}/Library/LoginItems/\"\n\tif [ -d \"$LOGINITEMS_DIR\" ] ; then\n\t\tLOGINITEMS=$(find \"${LOGINITEMS_DIR}\" -depth -type d -name \"*.app\")\n\t\tRESULT=$?\n\t\tif [[ $RESULT != 0 ]] ; then\n\t\t\texit 1\n\t\tfi\n\n\t\tITEMS=\"${ITEMS}\"$'\\n'\"${LOGINITEMS}\"\n\tfi\n\n\t# Prefer the expanded name, if available.\n\tCODE_SIGN_IDENTITY_FOR_ITEMS=\"${EXPANDED_CODE_SIGN_IDENTITY_NAME}\"\n\tif [ \"${CODE_SIGN_IDENTITY_FOR_ITEMS}\" = \"\" ] ; then\n\t\t# Fall back to old behavior.\n\t\tCODE_SIGN_IDENTITY_FOR_ITEMS=\"${CODE_SIGN_IDENTITY}\"\n\tfi\n\n\techo \"Identity: ${CODE_SIGN_IDENTITY_FOR_ITEMS}\"\n\n\techo \"Entitlements: ${CODE_SIGN_ENTITLEMENTS}\"\n\n\techo \"Found: ${ITEMS}\"\n\n\t# Change the Internal Field Separator (IFS) so that spaces in paths will not cause problems below.\n\tSAVED_IFS=$IFS\n\tIFS=$(echo \"\\n\\b\")\n\n\t# Loop through all items.\n\tfor ITEM in ${ITEMS}\n\tdo\n\t\tif lipo -archs \"${ITEM}\" | grep -q 'i386'; then\n\t\t\techo \"Stripping invalid archs '${ITEM}'\"\n\t\t\tlipo -remove i386 \"${ITEM}\" -o \"${ITEM}\" \n\t\telse\n\t\t\techo \"No need to strip invalid archs '{$ITEM}'\"\n\t\tfi\n\n\t\techo \"Signing '${ITEM}'\"\n\t\tcodesign --force --verbose --sign \"${CODE_SIGN_IDENTITY_FOR_ITEMS}\" --entitlements \"${CODE_SIGN_ENTITLEMENTS}\" \"${ITEM}\"\n\t\tRESULT=$?\n\t\tif [[ $RESULT != 0 ]] ; then\n\t\t\techo \"Failed to sign '${ITEM}'.\"\n\t\t\tIFS=$SAVED_IFS\n\t\t\texit 1\n\t\tfi\n\tdone\n\n\t# Restore $IFS.\n\tIFS=$SAVED_IFS\n\nfi\n\necho \"💾 end script\";\n";
			showEnvVarsInLog = 0;
		};
		8466F1851C04CA0E00918B1C /* Run Script — Bundle Data Folder */ = {
			isa = PBXShellScriptBuildPhase;
			alwaysOutOfDate = 1;
			buildActionMask = 12;
			files = (
			);
			inputPaths = (
			);
			name = "Run Script — Bundle Data Folder";
			outputPaths = (
			);
			runOnlyForDeploymentPostprocessing = 0;
			shellPath = /bin/sh;
			shellScript = "if [ -z \"$OF_BUNDLE_DATA_FOLDER\" ] ; then\n    echo 'Bundle data folder disabled';\nelse\n    # Copy bin/data into App/Resources\n    echo 'Bundle data folder enabled - will copy bin/data to App Package'\n    rsync -avz  --delete --exclude='.DS_Store' \"${SRCROOT}/bin/data/\" \"${TARGET_BUILD_DIR}/${UNLOCALIZED_RESOURCES_FOLDER_PATH}/data/\"\nfi\n";
			showEnvVarsInLog = 0;
		};
		E42962A92163ECCD00A6A9E2 /* Run Script — Compile OF */ = {
			isa = PBXShellScriptBuildPhase;
			alwaysOutOfDate = 1;
			buildActionMask = 2147483647;
			files = (
			);
			inputPaths = (
			);
			name = "Run Script — Compile OF";
			outputPaths = (
			);
			runOnlyForDeploymentPostprocessing = 0;
			shellPath = /bin/sh;
			shellScript = "echo \"\\033[32;1;4m1 - Compiling Openframeworks\\033[0m\"\nxcodebuild -project \"$OF_PATH/libs/openFrameworksCompiled/project/osx/openFrameworksLib.xcodeproj\" -target openFrameworks -configuration \"${CONFIGURATION}\"  CLANG_CXX_LANGUAGE_STANDARD=$CLANG_CXX_LANGUAGE_STANDARD MACOSX_DEPLOYMENT_TARGET=$MACOSX_DEPLOYMENT_TARGET\n";
			showEnvVarsInLog = 0;
		};
		E4B6FFFD0C3F9AB9008CF71C /* Run Script — Copy Resources */ = {
			isa = PBXShellScriptBuildPhase;
			alwaysOutOfDate = 1;
			buildActionMask = 2147483647;
			files = (
			);
			inputPaths = (
			);
			name = "Run Script — Copy Resources";
			outputPaths = (
			);
			runOnlyForDeploymentPostprocessing = 0;
			shellPath = /bin/sh;
			shellScript = "echo \"\\033[32;1;4m2 - Copying Resources\\033[0m\"\nmkdir -p \"$TARGET_BUILD_DIR/$PRODUCT_NAME.app/Contents/Resources/\"\n# Copy default icon file into App/Resources\nrsync -aved --delete --exclude='.DS_Store' \"$ICON_FILE\" \"$TARGET_BUILD_DIR/$PRODUCT_NAME.app/Contents/Resources/\"\n# Copy libfmod and change install directory for fmod to run\nrsync -aved --delete --ignore-existing \"$OF_PATH/libs/fmod/lib/osx/libfmod.dylib\" \"$TARGET_BUILD_DIR/$PRODUCT_NAME.app/Contents/Frameworks/\";\n# Not needed as we now call install_name_tool -id @loader_path/../Frameworks/libfmod.dylib libfmod.dylib on the dylib directly which prevents the need for calling every post build - keeping here for reference and possible legacy usage \n# install_name_tool -change @rpath/libfmod.dylib @executable_path/../Frameworks/libfmod.dylib \"$TARGET_BUILD_DIR/$PRODUCT_NAME.app/Contents/MacOS/$PRODUCT_NAME\";\n";
			showEnvVarsInLog = 0;
		};
/* End PBXShellScriptBuildPhase section */

/* Begin PBXSourcesBuildPhase section */
		E4B69B580A3A1756003C02F2 /* Sources */ = {
			isa = PBXSourcesBuildPhase;
			buildActionMask = 2147483647;
			files = (
				E4B69E200A3A1BDC003C02F2 /* main.cpp in Sources */,
				856AA354D08AB4B323081444 /* ofxBaseGui.cpp in Sources */,
				5CBB2AB3A60F65431D7B555D /* ofxButton.cpp in Sources */,
				853E0BA2F448076739446874 /* ofxColorPicker.cpp in Sources */,
				B266578FC55D23BFEBC042E7 /* ofxGuiGroup.cpp in Sources */,
				852E0891794923EE7583C621 /* ofxInputField.cpp in Sources */,
				483908258D00B98B4BE69F07 /* ofxLabel.cpp in Sources */,
				F285EB3169F1566CA3D93C20 /* ofxPanel.cpp in Sources */,
				837220E80EB56CD44AD27F2A /* ofxSlider.cpp in Sources */,
				B56FE57CC35806596D38118C /* ofxSliderGroup.cpp in Sources */,
				C15FEEBE29BA61A900A4B6CA /* boids.cpp in Sources */,
				1CD33E884D9E3358252E82A1 /* ofxToggle.cpp in Sources */,
				0FCED26D40D46CF89A58E54C /* fft.cpp in Sources */,
				5C4A4AA5D4784DF23EA43038 /* maxiAtoms.cpp in Sources */,
				ABA8875AF0C06690CC0B92B1 /* maxiBark.cpp in Sources */,
				96084990AF216648B8B98E00 /* maxiFFT.cpp in Sources */,
				AF0580829426DC6BCA135A5C /* maxiGrains.cpp in Sources */,
				083FB2094A4DE99F5A60397A /* maxiMFCC.cpp in Sources */,
				22F21CE3B902225374BA1CA2 /* maximilian.cpp in Sources */,
				9514C2D90467055B1447D074 /* stb_vorbis.c in Sources */,
				ADE367465D2A8EBAD4C7A8D9 /* IpEndpointName.cpp in Sources */,
				67FE4C7B15C2F0478C8126C2 /* NetworkingUtils.cpp in Sources */,
				510CAFE035E576A4E1502D52 /* UdpSocket.cpp in Sources */,
				62545D179C94265CA1389D4A /* OscOutboundPacketStream.cpp in Sources */,
				C4782ECC372420ACE0615B74 /* OscPrintReceivedElements.cpp in Sources */,
				0546D1A38E13BD319CC9755B /* OscReceivedElements.cpp in Sources */,
				879A251454401BC0B6E4F238 /* OscTypes.cpp in Sources */,
				72A929D3561B8232A182ABFC /* ofxOscBundle.cpp in Sources */,
				C15FEEBF29BA61A900A4B6CA /* testApp.cpp in Sources */,
				5864AD82E20F15536D054EA3 /* ofxOscMessage.cpp in Sources */,
				4ADB88E2FB52E76A471065DE /* ofxOscParameterSync.cpp in Sources */,
				640279EE111671BD026CB013 /* ofxOscReceiver.cpp in Sources */,
				8F5205AEF8861EF234F0651A /* ofxOscSender.cpp in Sources */,
				F01092BB147FA462845C38C7 /* CreEPS.cpp in Sources */,
				603044E656EA8D499FCF7DEA /* ofxVectorGraphics.cpp in Sources */,
			);
			runOnlyForDeploymentPostprocessing = 0;
		};
/* End PBXSourcesBuildPhase section */

/* Begin XCBuildConfiguration section */
		E4B69B4E0A3A1720003C02F2 /* Debug */ = {
			isa = XCBuildConfiguration;
			baseConfigurationReference = E4EB6923138AFD0F00A09F29 /* Project.xcconfig */;
			buildSettings = {
				CODE_SIGN_ENTITLEMENTS = of.entitlements;
				COPY_PHASE_STRIP = NO;
				ENABLE_TESTABILITY = YES;
				GCC_OPTIMIZATION_LEVEL = 0;
				GCC_WARN_UNUSED_VARIABLE = NO;
				HEADER_SEARCH_PATHS = (
					"$(OF_CORE_HEADERS)",
					src,
					../../../addons/ofxGui/src,
					../../../addons/ofxMaxim/libs,
					../../../addons/ofxMaxim/src,
					../../../addons/ofxOsc/libs,
					../../../addons/ofxOsc/libs/oscpack,
					../../../addons/ofxOsc/libs/oscpack/src,
					../../../addons/ofxOsc/libs/oscpack/src/ip,
					../../../addons/ofxOsc/libs/oscpack/src/ip/posix,
					../../../addons/ofxOsc/libs/oscpack/src/osc,
					../../../addons/ofxOsc/src,
					../../../addons/ofxVectorGraphics/libs,
					../../../addons/ofxVectorGraphics/src,
				);
				OTHER_CPLUSPLUSFLAGS = "-D__MACOSX_CORE__";
			};
			name = Debug;
		};
		E4B69B4F0A3A1720003C02F2 /* Release */ = {
			isa = XCBuildConfiguration;
			baseConfigurationReference = E4EB6923138AFD0F00A09F29 /* Project.xcconfig */;
			buildSettings = {
				CODE_SIGN_ENTITLEMENTS = of.entitlements;
				COPY_PHASE_STRIP = YES;
				GCC_OPTIMIZATION_LEVEL = 3;
				GCC_UNROLL_LOOPS = YES;
				HEADER_SEARCH_PATHS = (
					"$(OF_CORE_HEADERS)",
					src,
					../../../addons/ofxGui/src,
					../../../addons/ofxMaxim/libs,
					../../../addons/ofxMaxim/src,
					../../../addons/ofxOsc/libs,
					../../../addons/ofxOsc/libs/oscpack,
					../../../addons/ofxOsc/libs/oscpack/src,
					../../../addons/ofxOsc/libs/oscpack/src/ip,
					../../../addons/ofxOsc/libs/oscpack/src/ip/posix,
					../../../addons/ofxOsc/libs/oscpack/src/osc,
					../../../addons/ofxOsc/src,
					../../../addons/ofxVectorGraphics/libs,
					../../../addons/ofxVectorGraphics/src,
				);
				OTHER_CPLUSPLUSFLAGS = "-D__MACOSX_CORE__";
			};
			name = Release;
		};
		E4B69B600A3A1757003C02F2 /* Debug */ = {
			isa = XCBuildConfiguration;
			baseConfigurationReference = E4EB6923138AFD0F00A09F29 /* Project.xcconfig */;
			buildSettings = {
				COPY_PHASE_STRIP = NO;
				FRAMEWORK_SEARCH_PATHS = "$(inherited)";
				GCC_DYNAMIC_NO_PIC = NO;
				HEADER_SEARCH_PATHS = (
					"$(OF_CORE_HEADERS)",
					src,
					../../../addons/ofxGui/src,
					../../../addons/ofxMaxim/libs,
					../../../addons/ofxMaxim/src,
					../../../addons/ofxOsc/libs,
					../../../addons/ofxOsc/libs/oscpack,
					../../../addons/ofxOsc/libs/oscpack/src,
					../../../addons/ofxOsc/libs/oscpack/src/ip,
					../../../addons/ofxOsc/libs/oscpack/src/ip/posix,
					../../../addons/ofxOsc/libs/oscpack/src/osc,
					../../../addons/ofxOsc/src,
					../../../addons/ofxVectorGraphics/libs,
					../../../addons/ofxVectorGraphics/src,
				);
				LIBRARY_SEARCH_PATHS = "$(inherited)";
				OTHER_LDFLAGS = (
					"$(OF_CORE_LIBS)",
					"$(OF_CORE_FRAMEWORKS)",
					"$(LIB_OF_DEBUG)",
				);
			};
			name = Debug;
		};
		E4B69B610A3A1757003C02F2 /* Release */ = {
			isa = XCBuildConfiguration;
			baseConfigurationReference = E4EB6923138AFD0F00A09F29 /* Project.xcconfig */;
			buildSettings = {
				COPY_PHASE_STRIP = YES;
				FRAMEWORK_SEARCH_PATHS = "$(inherited)";
				HEADER_SEARCH_PATHS = (
					"$(OF_CORE_HEADERS)",
					src,
					../../../addons/ofxGui/src,
					../../../addons/ofxMaxim/libs,
					../../../addons/ofxMaxim/src,
					../../../addons/ofxOsc/libs,
					../../../addons/ofxOsc/libs/oscpack,
					../../../addons/ofxOsc/libs/oscpack/src,
					../../../addons/ofxOsc/libs/oscpack/src/ip,
					../../../addons/ofxOsc/libs/oscpack/src/ip/posix,
					../../../addons/ofxOsc/libs/oscpack/src/osc,
					../../../addons/ofxOsc/src,
					../../../addons/ofxVectorGraphics/libs,
					../../../addons/ofxVectorGraphics/src,
				);
				LIBRARY_SEARCH_PATHS = "$(inherited)";
				OTHER_LDFLAGS = (
					"$(OF_CORE_LIBS)",
					"$(OF_CORE_FRAMEWORKS)",
					"$(LIB_OF)",
				);
				baseConfigurationReference = E4EB6923138AFD0F00A09F29;
			};
			name = Release;
		};
/* End XCBuildConfiguration section */

/* Begin XCConfigurationList section */
		E4B69B4D0A3A1720003C02F2 /* Build configuration list for PBXProject "boidtest2" */ = {
			isa = XCConfigurationList;
			buildConfigurations = (
				E4B69B4E0A3A1720003C02F2 /* Debug */,
				E4B69B4F0A3A1720003C02F2 /* Release */,
			);
			defaultConfigurationIsVisible = 0;
			defaultConfigurationName = Release;
		};
		E4B69B5F0A3A1757003C02F2 /* Build configuration list for PBXNativeTarget "boidtest2" */ = {
			isa = XCConfigurationList;
			buildConfigurations = (
				E4B69B600A3A1757003C02F2 /* Debug */,
				E4B69B610A3A1757003C02F2 /* Release */,
			);
			defaultConfigurationIsVisible = 0;
			defaultConfigurationName = Release;
		};
/* End XCConfigurationList section */
	};
	rootObject = E4B69B4C0A3A1720003C02F2 /* Project object */;
}
